// !$*UTF8*$!
{
	archiveVersion = 1;
	classes = {
	};
	objectVersion = 46;
	objects = {

/* Begin PBXAggregateTarget section */
		22552BB3134B9D8400B8894E /* ECLogging Everything */ = {
			isa = PBXAggregateTarget;
			buildConfigurationList = 22552BB4134B9D8500B8894E /* Build configuration list for PBXAggregateTarget "ECLogging Everything" */;
			buildPhases = (
			);
			dependencies = (
				22BBB12314F64A3E0086974D /* PBXTargetDependency */,
				2237ED0A14F5655200085BF5 /* PBXTargetDependency */,
			);
			name = "ECLogging Everything";
			productName = All;
		};
/* End PBXAggregateTarget section */

/* Begin PBXBuildFile section */
		2202536A14F56DE300F141E3 /* Foundation.framework in Frameworks */ = {isa = PBXBuildFile; fileRef = 2237ECE314F5644C00085BF5 /* Foundation.framework */; };
		2202538C14F56E3F00F141E3 /* ECASLClient.h in Headers */ = {isa = PBXBuildFile; fileRef = 2283A43B14F53BCC009142F7 /* ECASLClient.h */; settings = {ATTRIBUTES = (Public, ); }; };
		2202538D14F56E3F00F141E3 /* ECAssertion.h in Headers */ = {isa = PBXBuildFile; fileRef = 2283A43D14F53BCC009142F7 /* ECAssertion.h */; settings = {ATTRIBUTES = (Public, ); }; };
		2202538E14F56E3F00F141E3 /* ECErrorReporter.h in Headers */ = {isa = PBXBuildFile; fileRef = 2283A43F14F53BCC009142F7 /* ECErrorReporter.h */; settings = {ATTRIBUTES = (Public, ); }; };
		2202538F14F56E3F00F141E3 /* ECLogChannel.h in Headers */ = {isa = PBXBuildFile; fileRef = 2283A44114F53BCC009142F7 /* ECLogChannel.h */; settings = {ATTRIBUTES = (Public, ); }; };
		2202539014F56E3F00F141E3 /* ECLogContext.h in Headers */ = {isa = PBXBuildFile; fileRef = 2283A44314F53BCC009142F7 /* ECLogContext.h */; settings = {ATTRIBUTES = (Public, ); }; };
		2202539114F56E3F00F141E3 /* ECLogging.h in Headers */ = {isa = PBXBuildFile; fileRef = 2283A44414F53BCC009142F7 /* ECLogging.h */; settings = {ATTRIBUTES = (Public, ); }; };
		2202539214F56E3F00F141E3 /* ECLogHandler.h in Headers */ = {isa = PBXBuildFile; fileRef = 2283A44614F53BCC009142F7 /* ECLogHandler.h */; settings = {ATTRIBUTES = (Public, ); }; };
		2202539314F56E3F00F141E3 /* ECLogManager.h in Headers */ = {isa = PBXBuildFile; fileRef = 2283A44814F53BCC009142F7 /* ECLogManager.h */; settings = {ATTRIBUTES = (Public, ); }; };
		2202539414F56E3F00F141E3 /* NSString+ECLogging.h in Headers */ = {isa = PBXBuildFile; fileRef = 2283A4D214F53D31009142F7 /* NSString+ECLogging.h */; settings = {ATTRIBUTES = (Public, ); }; };
		2202539514F56E4900F141E3 /* ECLogHandlerASL.h in Headers */ = {isa = PBXBuildFile; fileRef = 2283A44B14F53BCC009142F7 /* ECLogHandlerASL.h */; settings = {ATTRIBUTES = (Public, ); }; };
		2202539614F56E4900F141E3 /* ECLogHandlerFile.h in Headers */ = {isa = PBXBuildFile; fileRef = 2283A44D14F53BCC009142F7 /* ECLogHandlerFile.h */; settings = {ATTRIBUTES = (Public, ); }; };
		2202539714F56E4900F141E3 /* ECLogHandlerNSLog.h in Headers */ = {isa = PBXBuildFile; fileRef = 2283A44F14F53BCC009142F7 /* ECLogHandlerNSLog.h */; settings = {ATTRIBUTES = (Public, ); }; };
		2202539814F56E4900F141E3 /* ECLogHandlerStderr.h in Headers */ = {isa = PBXBuildFile; fileRef = 2283A45114F53BCC009142F7 /* ECLogHandlerStderr.h */; settings = {ATTRIBUTES = (Public, ); }; };
		2202539914F56E4900F141E3 /* ECLogHandlerStdout.h in Headers */ = {isa = PBXBuildFile; fileRef = 2283A45314F53BCC009142F7 /* ECLogHandlerStdout.h */; settings = {ATTRIBUTES = (Public, ); }; };
		2202539A14F56E5400F141E3 /* ECDebugChannelsViewController.h in Headers */ = {isa = PBXBuildFile; fileRef = 2283A45614F53BCC009142F7 /* ECDebugChannelsViewController.h */; settings = {ATTRIBUTES = (Public, ); }; };
		2202539B14F56E5400F141E3 /* ECDebugChannelViewController.h in Headers */ = {isa = PBXBuildFile; fileRef = 2283A45814F53BCC009142F7 /* ECDebugChannelViewController.h */; settings = {ATTRIBUTES = (Public, ); }; };
		2202539C14F56E5400F141E3 /* ECDebugViewController.h in Headers */ = {isa = PBXBuildFile; fileRef = 2283A45A14F53BCC009142F7 /* ECDebugViewController.h */; settings = {ATTRIBUTES = (Public, ); }; };
		2202539D14F56E5400F141E3 /* ECDebugViewPopoverController.h in Headers */ = {isa = PBXBuildFile; fileRef = 2283A45C14F53BCC009142F7 /* ECDebugViewPopoverController.h */; settings = {ATTRIBUTES = (Public, ); }; };
		2202539E14F56E5400F141E3 /* ECLogViewController.h in Headers */ = {isa = PBXBuildFile; fileRef = 2283A45E14F53BCC009142F7 /* ECLogViewController.h */; settings = {ATTRIBUTES = (Public, ); }; };
		2202539F14F56E5400F141E3 /* ECLogViewHandler.h in Headers */ = {isa = PBXBuildFile; fileRef = 2283A46014F53BCC009142F7 /* ECLogViewHandler.h */; settings = {ATTRIBUTES = (Public, ); }; };
		220253A014F56E5400F141E3 /* ECLogViewHandlerItem.h in Headers */ = {isa = PBXBuildFile; fileRef = 2283A46214F53BCC009142F7 /* ECLogViewHandlerItem.h */; settings = {ATTRIBUTES = (Public, ); }; };
		220253A314F56E8D00F141E3 /* libECLoggingIOS.a in Frameworks */ = {isa = PBXBuildFile; fileRef = 2202536914F56DE300F141E3 /* libECLoggingIOS.a */; };
		2231F9C514F541130064EB98 /* ECLogHandlerASL.h in Headers */ = {isa = PBXBuildFile; fileRef = 2283A44B14F53BCC009142F7 /* ECLogHandlerASL.h */; settings = {ATTRIBUTES = (Public, ); }; };
		2231F9C614F541130064EB98 /* ECLogHandlerASL.m in Sources */ = {isa = PBXBuildFile; fileRef = 2283A44C14F53BCC009142F7 /* ECLogHandlerASL.m */; };
		2231F9C714F541130064EB98 /* ECLogHandlerFile.h in Headers */ = {isa = PBXBuildFile; fileRef = 2283A44D14F53BCC009142F7 /* ECLogHandlerFile.h */; settings = {ATTRIBUTES = (Public, ); }; };
		2231F9C814F541130064EB98 /* ECLogHandlerFile.m in Sources */ = {isa = PBXBuildFile; fileRef = 2283A44E14F53BCC009142F7 /* ECLogHandlerFile.m */; };
		2231F9C914F541130064EB98 /* ECLogHandlerNSLog.h in Headers */ = {isa = PBXBuildFile; fileRef = 2283A44F14F53BCC009142F7 /* ECLogHandlerNSLog.h */; settings = {ATTRIBUTES = (Public, ); }; };
		2231F9CA14F541130064EB98 /* ECLogHandlerNSLog.m in Sources */ = {isa = PBXBuildFile; fileRef = 2283A45014F53BCC009142F7 /* ECLogHandlerNSLog.m */; };
		2231F9CB14F541130064EB98 /* ECLogHandlerStderr.h in Headers */ = {isa = PBXBuildFile; fileRef = 2283A45114F53BCC009142F7 /* ECLogHandlerStderr.h */; settings = {ATTRIBUTES = (Public, ); }; };
		2231F9CC14F541130064EB98 /* ECLogHandlerStderr.m in Sources */ = {isa = PBXBuildFile; fileRef = 2283A45214F53BCC009142F7 /* ECLogHandlerStderr.m */; };
		2231F9CD14F541130064EB98 /* ECLogHandlerStdout.h in Headers */ = {isa = PBXBuildFile; fileRef = 2283A45314F53BCC009142F7 /* ECLogHandlerStdout.h */; settings = {ATTRIBUTES = (Public, ); }; };
		2231F9CE14F541130064EB98 /* ECLogHandlerStdout.m in Sources */ = {isa = PBXBuildFile; fileRef = 2283A45414F53BCC009142F7 /* ECLogHandlerStdout.m */; };
		2231F9D014F541220064EB98 /* ECLoggingMenu.h in Headers */ = {isa = PBXBuildFile; fileRef = 2283A46514F53BCC009142F7 /* ECLoggingMenu.h */; settings = {ATTRIBUTES = (Public, ); }; };
		2231F9D114F541220064EB98 /* ECLoggingMenu.m in Sources */ = {isa = PBXBuildFile; fileRef = 2283A46614F53BCC009142F7 /* ECLoggingMenu.m */; };
		2237ECDB14F563D200085BF5 /* NSMenu+ECLogging.h in Headers */ = {isa = PBXBuildFile; fileRef = 2237ECD914F563D200085BF5 /* NSMenu+ECLogging.h */; settings = {ATTRIBUTES = (Public, ); }; };
		2237ECDC14F563D200085BF5 /* NSMenu+ECLogging.m in Sources */ = {isa = PBXBuildFile; fileRef = 2237ECDA14F563D200085BF5 /* NSMenu+ECLogging.m */; };
		2237ECDD14F563D200085BF5 /* NSMenu+ECLogging.m in Sources */ = {isa = PBXBuildFile; fileRef = 2237ECDA14F563D200085BF5 /* NSMenu+ECLogging.m */; };
		22552C13134BA18A00B8894E /* CoreLocation.framework in Frameworks */ = {isa = PBXBuildFile; fileRef = 22552C12134BA18A00B8894E /* CoreLocation.framework */; };
		2260223C141F8A8D0044644C /* Security.framework in Frameworks */ = {isa = PBXBuildFile; fileRef = 22602238141F8A460044644C /* Security.framework */; };
		2260223D141F8A980044644C /* libcrypto.dylib in Frameworks */ = {isa = PBXBuildFile; fileRef = 2260223A141F8A4E0044644C /* libcrypto.dylib */; };
		2260223E141F8AA40044644C /* IOKit.framework in Frameworks */ = {isa = PBXBuildFile; fileRef = 22602236141F8A230044644C /* IOKit.framework */; };
		2268499E14F5720600B8691A /* SenTestingKit.framework in Frameworks */ = {isa = PBXBuildFile; fileRef = 2283A3CD14F52E93009142F7 /* SenTestingKit.framework */; };
		2268499F14F5722300B8691A /* Cocoa.framework in Frameworks */ = {isa = PBXBuildFile; fileRef = 2283A3BB14F52E93009142F7 /* Cocoa.framework */; };
		2274B38E14F56896003B8A0B /* SenTestingKit.framework in Frameworks */ = {isa = PBXBuildFile; fileRef = 2283A3CD14F52E93009142F7 /* SenTestingKit.framework */; };
		2274B39014F56896003B8A0B /* UIKit.framework in Frameworks */ = {isa = PBXBuildFile; fileRef = 2274B38F14F56896003B8A0B /* UIKit.framework */; };
		2274B39114F56896003B8A0B /* Foundation.framework in Frameworks */ = {isa = PBXBuildFile; fileRef = 2237ECE314F5644C00085BF5 /* Foundation.framework */; };
		2274B3A614F5697C003B8A0B /* libECLoggingMac.a in Frameworks */ = {isa = PBXBuildFile; fileRef = 2283A3E814F52EC0009142F7 /* libECLoggingMac.a */; };
		2283A3E914F52EC0009142F7 /* Cocoa.framework in Frameworks */ = {isa = PBXBuildFile; fileRef = 2283A3BB14F52E93009142F7 /* Cocoa.framework */; };
		2283A4B914F53BFE009142F7 /* ECASLClient.h in Headers */ = {isa = PBXBuildFile; fileRef = 2283A43B14F53BCC009142F7 /* ECASLClient.h */; settings = {ATTRIBUTES = (Public, ); }; };
		2283A4BA14F53BFE009142F7 /* ECASLClient.m in Sources */ = {isa = PBXBuildFile; fileRef = 2283A43C14F53BCC009142F7 /* ECASLClient.m */; };
		2283A4BB14F53BFE009142F7 /* ECAssertion.h in Headers */ = {isa = PBXBuildFile; fileRef = 2283A43D14F53BCC009142F7 /* ECAssertion.h */; settings = {ATTRIBUTES = (Public, ); }; };
		2283A4BC14F53BFE009142F7 /* ECAssertion.m in Sources */ = {isa = PBXBuildFile; fileRef = 2283A43E14F53BCC009142F7 /* ECAssertion.m */; };
		2283A4BD14F53BFE009142F7 /* ECErrorReporter.h in Headers */ = {isa = PBXBuildFile; fileRef = 2283A43F14F53BCC009142F7 /* ECErrorReporter.h */; settings = {ATTRIBUTES = (Public, ); }; };
		2283A4BE14F53BFE009142F7 /* ECErrorReporter.m in Sources */ = {isa = PBXBuildFile; fileRef = 2283A44014F53BCC009142F7 /* ECErrorReporter.m */; };
		2283A4BF14F53BFE009142F7 /* ECLogChannel.h in Headers */ = {isa = PBXBuildFile; fileRef = 2283A44114F53BCC009142F7 /* ECLogChannel.h */; settings = {ATTRIBUTES = (Public, ); }; };
		2283A4C014F53BFE009142F7 /* ECLogChannel.m in Sources */ = {isa = PBXBuildFile; fileRef = 2283A44214F53BCC009142F7 /* ECLogChannel.m */; };
		2283A4C114F53BFE009142F7 /* ECLogContext.h in Headers */ = {isa = PBXBuildFile; fileRef = 2283A44314F53BCC009142F7 /* ECLogContext.h */; settings = {ATTRIBUTES = (Public, ); }; };
		2283A4C214F53BFE009142F7 /* ECLogging.h in Headers */ = {isa = PBXBuildFile; fileRef = 2283A44414F53BCC009142F7 /* ECLogging.h */; settings = {ATTRIBUTES = (Public, ); }; };
		2283A4C314F53BFE009142F7 /* ECLogging.m in Sources */ = {isa = PBXBuildFile; fileRef = 2283A44514F53BCC009142F7 /* ECLogging.m */; };
		2283A4C414F53BFE009142F7 /* ECLogHandler.h in Headers */ = {isa = PBXBuildFile; fileRef = 2283A44614F53BCC009142F7 /* ECLogHandler.h */; settings = {ATTRIBUTES = (Public, ); }; };
		2283A4C514F53BFE009142F7 /* ECLogHandler.m in Sources */ = {isa = PBXBuildFile; fileRef = 2283A44714F53BCC009142F7 /* ECLogHandler.m */; };
		2283A4C614F53BFE009142F7 /* ECLogManager.h in Headers */ = {isa = PBXBuildFile; fileRef = 2283A44814F53BCC009142F7 /* ECLogManager.h */; settings = {ATTRIBUTES = (Public, ); }; };
		2283A4C714F53BFE009142F7 /* ECLogManager.m in Sources */ = {isa = PBXBuildFile; fileRef = 2283A44914F53BCC009142F7 /* ECLogManager.m */; };
		2283A4CE14F53C6F009142F7 /* ECLoggingSharedPrefix.pch in Headers */ = {isa = PBXBuildFile; fileRef = 2283A4CB14F53C6F009142F7 /* ECLoggingSharedPrefix.pch */; settings = {ATTRIBUTES = (Public, ); }; };
		2283A4D414F53D31009142F7 /* NSString+ECLogging.h in Headers */ = {isa = PBXBuildFile; fileRef = 2283A4D214F53D31009142F7 /* NSString+ECLogging.h */; settings = {ATTRIBUTES = (Public, ); }; };
		2283A4D514F53D31009142F7 /* NSString+ECLogging.m in Sources */ = {isa = PBXBuildFile; fileRef = 2283A4D314F53D31009142F7 /* NSString+ECLogging.m */; };
		22970D3E14F5AA80007B254B /* ECLoggingDebugPrefix.pch in Headers */ = {isa = PBXBuildFile; fileRef = 22970D3C14F5AA80007B254B /* ECLoggingDebugPrefix.pch */; settings = {ATTRIBUTES = (Public, ); }; };
		22970D3F14F5AA80007B254B /* ECLoggingDebugPrefix.pch in Headers */ = {isa = PBXBuildFile; fileRef = 22970D3C14F5AA80007B254B /* ECLoggingDebugPrefix.pch */; settings = {ATTRIBUTES = (Public, ); }; };
		22970D4014F5AA80007B254B /* ECLoggingReleasePrefix.pch in Headers */ = {isa = PBXBuildFile; fileRef = 22970D3D14F5AA80007B254B /* ECLoggingReleasePrefix.pch */; settings = {ATTRIBUTES = (Public, ); }; };
		22970D4114F5AA80007B254B /* ECLoggingReleasePrefix.pch in Headers */ = {isa = PBXBuildFile; fileRef = 22970D3D14F5AA80007B254B /* ECLoggingReleasePrefix.pch */; settings = {ATTRIBUTES = (Public, ); }; };
		22970D4F14F5AD55007B254B /* ECLoggingSharedPrefix.pch in Headers */ = {isa = PBXBuildFile; fileRef = 2283A4CB14F53C6F009142F7 /* ECLoggingSharedPrefix.pch */; settings = {ATTRIBUTES = (Public, ); }; };
		22970D5F14F5AF1F007B254B /* ECASLClient.m in Sources */ = {isa = PBXBuildFile; fileRef = 2283A43C14F53BCC009142F7 /* ECASLClient.m */; };
		22970D6014F5AF1F007B254B /* ECAssertion.m in Sources */ = {isa = PBXBuildFile; fileRef = 2283A43E14F53BCC009142F7 /* ECAssertion.m */; };
		22970D6114F5AF1F007B254B /* ECErrorReporter.m in Sources */ = {isa = PBXBuildFile; fileRef = 2283A44014F53BCC009142F7 /* ECErrorReporter.m */; };
		22970D6214F5AF1F007B254B /* ECLogChannel.m in Sources */ = {isa = PBXBuildFile; fileRef = 2283A44214F53BCC009142F7 /* ECLogChannel.m */; };
		22970D6314F5AF1F007B254B /* ECLogging.m in Sources */ = {isa = PBXBuildFile; fileRef = 2283A44514F53BCC009142F7 /* ECLogging.m */; };
		22970D6414F5AF1F007B254B /* ECLogHandler.m in Sources */ = {isa = PBXBuildFile; fileRef = 2283A44714F53BCC009142F7 /* ECLogHandler.m */; };
		22970D6514F5AF1F007B254B /* ECLogManager.m in Sources */ = {isa = PBXBuildFile; fileRef = 2283A44914F53BCC009142F7 /* ECLogManager.m */; };
		22970D6614F5AF1F007B254B /* NSString+ECLogging.m in Sources */ = {isa = PBXBuildFile; fileRef = 2283A4D314F53D31009142F7 /* NSString+ECLogging.m */; };
		22970D6714F5AF28007B254B /* ECLogHandlerASL.m in Sources */ = {isa = PBXBuildFile; fileRef = 2283A44C14F53BCC009142F7 /* ECLogHandlerASL.m */; };
		22970D6814F5AF28007B254B /* ECLogHandlerFile.m in Sources */ = {isa = PBXBuildFile; fileRef = 2283A44E14F53BCC009142F7 /* ECLogHandlerFile.m */; };
		22970D6914F5AF28007B254B /* ECLogHandlerNSLog.m in Sources */ = {isa = PBXBuildFile; fileRef = 2283A45014F53BCC009142F7 /* ECLogHandlerNSLog.m */; };
		22970D6A14F5AF28007B254B /* ECLogHandlerStderr.m in Sources */ = {isa = PBXBuildFile; fileRef = 2283A45214F53BCC009142F7 /* ECLogHandlerStderr.m */; };
		22970D6B14F5AF28007B254B /* ECLogHandlerStdout.m in Sources */ = {isa = PBXBuildFile; fileRef = 2283A45414F53BCC009142F7 /* ECLogHandlerStdout.m */; };
		22970D6C14F5AF37007B254B /* ECDebugChannelsViewController.m in Sources */ = {isa = PBXBuildFile; fileRef = 2283A45714F53BCC009142F7 /* ECDebugChannelsViewController.m */; };
		22970D6D14F5AF37007B254B /* ECDebugChannelViewController.m in Sources */ = {isa = PBXBuildFile; fileRef = 2283A45914F53BCC009142F7 /* ECDebugChannelViewController.m */; };
		22970D6E14F5AF37007B254B /* ECDebugViewController.m in Sources */ = {isa = PBXBuildFile; fileRef = 2283A45B14F53BCC009142F7 /* ECDebugViewController.m */; };
		22970D6F14F5AF37007B254B /* ECDebugViewPopoverController.m in Sources */ = {isa = PBXBuildFile; fileRef = 2283A45D14F53BCC009142F7 /* ECDebugViewPopoverController.m */; };
		22970D7014F5AF37007B254B /* ECLogViewController.m in Sources */ = {isa = PBXBuildFile; fileRef = 2283A45F14F53BCC009142F7 /* ECLogViewController.m */; };
		22970D7114F5AF37007B254B /* ECLogViewHandler.m in Sources */ = {isa = PBXBuildFile; fileRef = 2283A46114F53BCC009142F7 /* ECLogViewHandler.m */; };
		22970D7214F5AF37007B254B /* ECLogViewHandlerItem.m in Sources */ = {isa = PBXBuildFile; fileRef = 2283A46314F53BCC009142F7 /* ECLogViewHandlerItem.m */; };
		22EC40A81358A17A005C1F1A /* SystemConfiguration.framework in Frameworks */ = {isa = PBXBuildFile; fileRef = 22EC40A61358A0D1005C1F1A /* SystemConfiguration.framework */; };
		22F2CA621534864400F0A01D /* ECErrorPresenterHandler.h in Headers */ = {isa = PBXBuildFile; fileRef = 22F2CA601534864400F0A01D /* ECErrorPresenterHandler.h */; settings = {ATTRIBUTES = (Public, ); }; };
		22F2CA631534864400F0A01D /* ECErrorPresenterHandler.m in Sources */ = {isa = PBXBuildFile; fileRef = 22F2CA611534864400F0A01D /* ECErrorPresenterHandler.m */; };
		22F2CA6815348A5300F0A01D /* ECErrorAndMessage.h in Headers */ = {isa = PBXBuildFile; fileRef = 22F2CA6615348A5300F0A01D /* ECErrorAndMessage.h */; settings = {ATTRIBUTES = (Public, ); }; };
		22F2CA6915348A5300F0A01D /* ECErrorAndMessage.m in Sources */ = {isa = PBXBuildFile; fileRef = 22F2CA6715348A5300F0A01D /* ECErrorAndMessage.m */; };
		22F2CA6A15348A5300F0A01D /* ECErrorAndMessage.m in Sources */ = {isa = PBXBuildFile; fileRef = 22F2CA6715348A5300F0A01D /* ECErrorAndMessage.m */; };
		22F2CA6B1534A34F00F0A01D /* ECErrorAndMessage.m in Sources */ = {isa = PBXBuildFile; fileRef = 22F2CA6715348A5300F0A01D /* ECErrorAndMessage.m */; };
		22F2CA6C1534A35000F0A01D /* ECErrorAndMessage.m in Sources */ = {isa = PBXBuildFile; fileRef = 22F2CA6715348A5300F0A01D /* ECErrorAndMessage.m */; };
		22F2CA6D1534A35B00F0A01D /* ECErrorAndMessage.h in Headers */ = {isa = PBXBuildFile; fileRef = 22F2CA6615348A5300F0A01D /* ECErrorAndMessage.h */; settings = {ATTRIBUTES = (Public, ); }; };
/* End PBXBuildFile section */

/* Begin PBXContainerItemProxy section */
		220253A114F56E8300F141E3 /* PBXContainerItemProxy */ = {
			isa = PBXContainerItemProxy;
			containerPortal = 0867D690FE84028FC02AAC07 /* Project object */;
			proxyType = 1;
			remoteGlobalIDString = 2202536814F56DE300F141E3;
			remoteInfo = ECLoggingIOS;
		};
		2237ED0914F5655200085BF5 /* PBXContainerItemProxy */ = {
			isa = PBXContainerItemProxy;
			containerPortal = 0867D690FE84028FC02AAC07 /* Project object */;
			proxyType = 1;
			remoteGlobalIDString = 2283A3E714F52EC0009142F7;
			remoteInfo = libECLoggingMac;
		};
		2274B3A414F5696D003B8A0B /* PBXContainerItemProxy */ = {
			isa = PBXContainerItemProxy;
			containerPortal = 0867D690FE84028FC02AAC07 /* Project object */;
			proxyType = 1;
			remoteGlobalIDString = 2283A3E714F52EC0009142F7;
			remoteInfo = ECLoggingMac;
		};
		22BBB12214F64A3E0086974D /* PBXContainerItemProxy */ = {
			isa = PBXContainerItemProxy;
			containerPortal = 0867D690FE84028FC02AAC07 /* Project object */;
			proxyType = 1;
			remoteGlobalIDString = 2202536814F56DE300F141E3;
			remoteInfo = ECLoggingIOS;
		};
/* End PBXContainerItemProxy section */

/* Begin PBXFileReference section */
		0867D69BFE84028FC02AAC07 /* Foundation.framework */ = {isa = PBXFileReference; lastKnownFileType = wrapper.framework; name = Foundation.framework; path = /System/Library/Frameworks/Foundation.framework; sourceTree = "<absolute>"; };
		1058C7B1FEA5585E11CA2CBB /* Cocoa.framework */ = {isa = PBXFileReference; lastKnownFileType = wrapper.framework; name = Cocoa.framework; path = /System/Library/Frameworks/Cocoa.framework; sourceTree = "<absolute>"; };
		2202536914F56DE300F141E3 /* libECLoggingIOS.a */ = {isa = PBXFileReference; explicitFileType = archive.ar; includeInIndex = 0; path = libECLoggingIOS.a; sourceTree = BUILT_PRODUCTS_DIR; };
		2229674F1354EDC5005F42E7 /* CoreFoundation.framework */ = {isa = PBXFileReference; lastKnownFileType = wrapper.framework; name = CoreFoundation.framework; path = System/Library/Frameworks/CoreFoundation.framework; sourceTree = SDKROOT; };
		2237ECD914F563D200085BF5 /* NSMenu+ECLogging.h */ = {isa = PBXFileReference; fileEncoding = 4; lastKnownFileType = sourcecode.c.h; path = "NSMenu+ECLogging.h"; sourceTree = "<group>"; };
		2237ECDA14F563D200085BF5 /* NSMenu+ECLogging.m */ = {isa = PBXFileReference; fileEncoding = 4; lastKnownFileType = sourcecode.c.objc; path = "NSMenu+ECLogging.m"; sourceTree = "<group>"; };
		2237ECE314F5644C00085BF5 /* Foundation.framework */ = {isa = PBXFileReference; lastKnownFileType = wrapper.framework; name = Foundation.framework; path = System/Library/Frameworks/Foundation.framework; sourceTree = SDKROOT; };
		223CBAE61205C6380008A641 /* Foundation.framework */ = {isa = PBXFileReference; lastKnownFileType = wrapper.framework; name = Foundation.framework; path = System/Library/Frameworks/Foundation.framework; sourceTree = SDKROOT; };
		22552BC7134B9E5300B8894E /* UIKit.framework */ = {isa = PBXFileReference; lastKnownFileType = wrapper.framework; name = UIKit.framework; path = System/Library/Frameworks/UIKit.framework; sourceTree = SDKROOT; };
		22552BC9134B9E5300B8894E /* Foundation.framework */ = {isa = PBXFileReference; lastKnownFileType = wrapper.framework; name = Foundation.framework; path = System/Library/Frameworks/Foundation.framework; sourceTree = SDKROOT; };
		22552BCB134B9E5300B8894E /* CoreGraphics.framework */ = {isa = PBXFileReference; lastKnownFileType = wrapper.framework; name = CoreGraphics.framework; path = System/Library/Frameworks/CoreGraphics.framework; sourceTree = SDKROOT; };
		22552BE6134BA0C900B8894E /* CoreLocation.framework */ = {isa = PBXFileReference; lastKnownFileType = wrapper.framework; name = CoreLocation.framework; path = Platforms/iPhoneOS.platform/Developer/SDKs/iPhoneOS4.3.sdk/System/Library/Frameworks/CoreLocation.framework; sourceTree = DEVELOPER_DIR; };
		22552C12134BA18A00B8894E /* CoreLocation.framework */ = {isa = PBXFileReference; lastKnownFileType = wrapper.framework; name = CoreLocation.framework; path = SDKs/MacOSX10.6.sdk/System/Library/Frameworks/CoreLocation.framework; sourceTree = DEVELOPER_DIR; };
		225EC67211EBAA4800A97AEA /* EC Foundation Unit Tests Mac.octest */ = {isa = PBXFileReference; explicitFileType = wrapper.cfbundle; includeInIndex = 0; path = "EC Foundation Unit Tests Mac.octest"; sourceTree = BUILT_PRODUCTS_DIR; };
		22602234141F8A160044644C /* Carbon.framework */ = {isa = PBXFileReference; lastKnownFileType = wrapper.framework; name = Carbon.framework; path = SDKs/MacOSX10.7.sdk/System/Library/Frameworks/Carbon.framework; sourceTree = DEVELOPER_DIR; };
		22602236141F8A230044644C /* IOKit.framework */ = {isa = PBXFileReference; lastKnownFileType = wrapper.framework; name = IOKit.framework; path = SDKs/MacOSX10.7.sdk/System/Library/Frameworks/IOKit.framework; sourceTree = DEVELOPER_DIR; };
		22602238141F8A460044644C /* Security.framework */ = {isa = PBXFileReference; lastKnownFileType = wrapper.framework; name = Security.framework; path = SDKs/MacOSX10.7.sdk/System/Library/Frameworks/Security.framework; sourceTree = DEVELOPER_DIR; };
		2260223A141F8A4E0044644C /* libcrypto.dylib */ = {isa = PBXFileReference; lastKnownFileType = "compiled.mach-o.dylib"; name = libcrypto.dylib; path = SDKs/MacOSX10.7.sdk/usr/lib/libcrypto.dylib; sourceTree = DEVELOPER_DIR; };
		227333B811EBBA3000695FB4 /* GHUnit.framework */ = {isa = PBXFileReference; lastKnownFileType = wrapper.framework; name = GHUnit.framework; path = Library/Frameworks/GHUnit.framework; sourceTree = SDKROOT; };
		2274B37814F56679003B8A0B /* ECLoggingTests.plist */ = {isa = PBXFileReference; fileEncoding = 4; lastKnownFileType = text.plist.xml; path = ECLoggingTests.plist; sourceTree = "<group>"; };
		2274B38D14F56896003B8A0B /* ECLoggingIOSTests.octest */ = {isa = PBXFileReference; explicitFileType = wrapper.cfbundle; includeInIndex = 0; path = ECLoggingIOSTests.octest; sourceTree = BUILT_PRODUCTS_DIR; };
		2274B38F14F56896003B8A0B /* UIKit.framework */ = {isa = PBXFileReference; lastKnownFileType = wrapper.framework; name = UIKit.framework; path = Library/Frameworks/UIKit.framework; sourceTree = DEVELOPER_DIR; };
		2283A3BB14F52E93009142F7 /* Cocoa.framework */ = {isa = PBXFileReference; lastKnownFileType = wrapper.framework; name = Cocoa.framework; path = System/Library/Frameworks/Cocoa.framework; sourceTree = SDKROOT; };
		2283A3BE14F52E93009142F7 /* AppKit.framework */ = {isa = PBXFileReference; lastKnownFileType = wrapper.framework; name = AppKit.framework; path = System/Library/Frameworks/AppKit.framework; sourceTree = SDKROOT; };
		2283A3BF14F52E93009142F7 /* CoreData.framework */ = {isa = PBXFileReference; lastKnownFileType = wrapper.framework; name = CoreData.framework; path = System/Library/Frameworks/CoreData.framework; sourceTree = SDKROOT; };
		2283A3C014F52E93009142F7 /* Foundation.framework */ = {isa = PBXFileReference; lastKnownFileType = wrapper.framework; name = Foundation.framework; path = System/Library/Frameworks/Foundation.framework; sourceTree = SDKROOT; };
		2283A3CD14F52E93009142F7 /* SenTestingKit.framework */ = {isa = PBXFileReference; lastKnownFileType = wrapper.framework; name = SenTestingKit.framework; path = Library/Frameworks/SenTestingKit.framework; sourceTree = DEVELOPER_DIR; };
		2283A3E814F52EC0009142F7 /* libECLoggingMac.a */ = {isa = PBXFileReference; explicitFileType = archive.ar; includeInIndex = 0; path = libECLoggingMac.a; sourceTree = BUILT_PRODUCTS_DIR; };
		2283A43B14F53BCC009142F7 /* ECASLClient.h */ = {isa = PBXFileReference; fileEncoding = 4; lastKnownFileType = sourcecode.c.h; path = ECASLClient.h; sourceTree = "<group>"; };
		2283A43C14F53BCC009142F7 /* ECASLClient.m */ = {isa = PBXFileReference; fileEncoding = 4; lastKnownFileType = sourcecode.c.objc; path = ECASLClient.m; sourceTree = "<group>"; };
		2283A43D14F53BCC009142F7 /* ECAssertion.h */ = {isa = PBXFileReference; fileEncoding = 4; lastKnownFileType = sourcecode.c.h; path = ECAssertion.h; sourceTree = "<group>"; };
		2283A43E14F53BCC009142F7 /* ECAssertion.m */ = {isa = PBXFileReference; fileEncoding = 4; lastKnownFileType = sourcecode.c.objc; path = ECAssertion.m; sourceTree = "<group>"; };
		2283A43F14F53BCC009142F7 /* ECErrorReporter.h */ = {isa = PBXFileReference; fileEncoding = 4; lastKnownFileType = sourcecode.c.h; path = ECErrorReporter.h; sourceTree = "<group>"; };
		2283A44014F53BCC009142F7 /* ECErrorReporter.m */ = {isa = PBXFileReference; fileEncoding = 4; lastKnownFileType = sourcecode.c.objc; path = ECErrorReporter.m; sourceTree = "<group>"; };
		2283A44114F53BCC009142F7 /* ECLogChannel.h */ = {isa = PBXFileReference; fileEncoding = 4; lastKnownFileType = sourcecode.c.h; path = ECLogChannel.h; sourceTree = "<group>"; };
		2283A44214F53BCC009142F7 /* ECLogChannel.m */ = {isa = PBXFileReference; fileEncoding = 4; lastKnownFileType = sourcecode.c.objc; path = ECLogChannel.m; sourceTree = "<group>"; };
		2283A44314F53BCC009142F7 /* ECLogContext.h */ = {isa = PBXFileReference; fileEncoding = 4; lastKnownFileType = sourcecode.c.h; path = ECLogContext.h; sourceTree = "<group>"; };
		2283A44414F53BCC009142F7 /* ECLogging.h */ = {isa = PBXFileReference; fileEncoding = 4; lastKnownFileType = sourcecode.c.h; path = ECLogging.h; sourceTree = "<group>"; };
		2283A44514F53BCC009142F7 /* ECLogging.m */ = {isa = PBXFileReference; fileEncoding = 4; lastKnownFileType = sourcecode.c.objc; path = ECLogging.m; sourceTree = "<group>"; };
		2283A44614F53BCC009142F7 /* ECLogHandler.h */ = {isa = PBXFileReference; fileEncoding = 4; lastKnownFileType = sourcecode.c.h; path = ECLogHandler.h; sourceTree = "<group>"; };
		2283A44714F53BCC009142F7 /* ECLogHandler.m */ = {isa = PBXFileReference; fileEncoding = 4; lastKnownFileType = sourcecode.c.objc; path = ECLogHandler.m; sourceTree = "<group>"; };
		2283A44814F53BCC009142F7 /* ECLogManager.h */ = {isa = PBXFileReference; fileEncoding = 4; lastKnownFileType = sourcecode.c.h; path = ECLogManager.h; sourceTree = "<group>"; };
		2283A44914F53BCC009142F7 /* ECLogManager.m */ = {isa = PBXFileReference; fileEncoding = 4; lastKnownFileType = sourcecode.c.objc; path = ECLogManager.m; sourceTree = "<group>"; };
		2283A44B14F53BCC009142F7 /* ECLogHandlerASL.h */ = {isa = PBXFileReference; fileEncoding = 4; lastKnownFileType = sourcecode.c.h; path = ECLogHandlerASL.h; sourceTree = "<group>"; };
		2283A44C14F53BCC009142F7 /* ECLogHandlerASL.m */ = {isa = PBXFileReference; fileEncoding = 4; lastKnownFileType = sourcecode.c.objc; path = ECLogHandlerASL.m; sourceTree = "<group>"; };
		2283A44D14F53BCC009142F7 /* ECLogHandlerFile.h */ = {isa = PBXFileReference; fileEncoding = 4; lastKnownFileType = sourcecode.c.h; path = ECLogHandlerFile.h; sourceTree = "<group>"; };
		2283A44E14F53BCC009142F7 /* ECLogHandlerFile.m */ = {isa = PBXFileReference; fileEncoding = 4; lastKnownFileType = sourcecode.c.objc; path = ECLogHandlerFile.m; sourceTree = "<group>"; };
		2283A44F14F53BCC009142F7 /* ECLogHandlerNSLog.h */ = {isa = PBXFileReference; fileEncoding = 4; lastKnownFileType = sourcecode.c.h; path = ECLogHandlerNSLog.h; sourceTree = "<group>"; };
		2283A45014F53BCC009142F7 /* ECLogHandlerNSLog.m */ = {isa = PBXFileReference; fileEncoding = 4; lastKnownFileType = sourcecode.c.objc; path = ECLogHandlerNSLog.m; sourceTree = "<group>"; };
		2283A45114F53BCC009142F7 /* ECLogHandlerStderr.h */ = {isa = PBXFileReference; fileEncoding = 4; lastKnownFileType = sourcecode.c.h; path = ECLogHandlerStderr.h; sourceTree = "<group>"; };
		2283A45214F53BCC009142F7 /* ECLogHandlerStderr.m */ = {isa = PBXFileReference; fileEncoding = 4; lastKnownFileType = sourcecode.c.objc; path = ECLogHandlerStderr.m; sourceTree = "<group>"; };
		2283A45314F53BCC009142F7 /* ECLogHandlerStdout.h */ = {isa = PBXFileReference; fileEncoding = 4; lastKnownFileType = sourcecode.c.h; path = ECLogHandlerStdout.h; sourceTree = "<group>"; };
		2283A45414F53BCC009142F7 /* ECLogHandlerStdout.m */ = {isa = PBXFileReference; fileEncoding = 4; lastKnownFileType = sourcecode.c.objc; path = ECLogHandlerStdout.m; sourceTree = "<group>"; };
		2283A45614F53BCC009142F7 /* ECDebugChannelsViewController.h */ = {isa = PBXFileReference; fileEncoding = 4; lastKnownFileType = sourcecode.c.h; path = ECDebugChannelsViewController.h; sourceTree = "<group>"; };
		2283A45714F53BCC009142F7 /* ECDebugChannelsViewController.m */ = {isa = PBXFileReference; fileEncoding = 4; lastKnownFileType = sourcecode.c.objc; path = ECDebugChannelsViewController.m; sourceTree = "<group>"; };
		2283A45814F53BCC009142F7 /* ECDebugChannelViewController.h */ = {isa = PBXFileReference; fileEncoding = 4; lastKnownFileType = sourcecode.c.h; path = ECDebugChannelViewController.h; sourceTree = "<group>"; };
		2283A45914F53BCC009142F7 /* ECDebugChannelViewController.m */ = {isa = PBXFileReference; fileEncoding = 4; lastKnownFileType = sourcecode.c.objc; path = ECDebugChannelViewController.m; sourceTree = "<group>"; };
		2283A45A14F53BCC009142F7 /* ECDebugViewController.h */ = {isa = PBXFileReference; fileEncoding = 4; lastKnownFileType = sourcecode.c.h; path = ECDebugViewController.h; sourceTree = "<group>"; };
		2283A45B14F53BCC009142F7 /* ECDebugViewController.m */ = {isa = PBXFileReference; fileEncoding = 4; lastKnownFileType = sourcecode.c.objc; path = ECDebugViewController.m; sourceTree = "<group>"; };
		2283A45C14F53BCC009142F7 /* ECDebugViewPopoverController.h */ = {isa = PBXFileReference; fileEncoding = 4; lastKnownFileType = sourcecode.c.h; path = ECDebugViewPopoverController.h; sourceTree = "<group>"; };
		2283A45D14F53BCC009142F7 /* ECDebugViewPopoverController.m */ = {isa = PBXFileReference; fileEncoding = 4; lastKnownFileType = sourcecode.c.objc; path = ECDebugViewPopoverController.m; sourceTree = "<group>"; };
		2283A45E14F53BCC009142F7 /* ECLogViewController.h */ = {isa = PBXFileReference; fileEncoding = 4; lastKnownFileType = sourcecode.c.h; path = ECLogViewController.h; sourceTree = "<group>"; };
		2283A45F14F53BCC009142F7 /* ECLogViewController.m */ = {isa = PBXFileReference; fileEncoding = 4; lastKnownFileType = sourcecode.c.objc; path = ECLogViewController.m; sourceTree = "<group>"; };
		2283A46014F53BCC009142F7 /* ECLogViewHandler.h */ = {isa = PBXFileReference; fileEncoding = 4; lastKnownFileType = sourcecode.c.h; path = ECLogViewHandler.h; sourceTree = "<group>"; };
		2283A46114F53BCC009142F7 /* ECLogViewHandler.m */ = {isa = PBXFileReference; fileEncoding = 4; lastKnownFileType = sourcecode.c.objc; path = ECLogViewHandler.m; sourceTree = "<group>"; };
		2283A46214F53BCC009142F7 /* ECLogViewHandlerItem.h */ = {isa = PBXFileReference; fileEncoding = 4; lastKnownFileType = sourcecode.c.h; path = ECLogViewHandlerItem.h; sourceTree = "<group>"; };
		2283A46314F53BCC009142F7 /* ECLogViewHandlerItem.m */ = {isa = PBXFileReference; fileEncoding = 4; lastKnownFileType = sourcecode.c.objc; path = ECLogViewHandlerItem.m; sourceTree = "<group>"; };
		2283A46514F53BCC009142F7 /* ECLoggingMenu.h */ = {isa = PBXFileReference; fileEncoding = 4; lastKnownFileType = sourcecode.c.h; path = ECLoggingMenu.h; sourceTree = "<group>"; };
		2283A46614F53BCC009142F7 /* ECLoggingMenu.m */ = {isa = PBXFileReference; fileEncoding = 4; lastKnownFileType = sourcecode.c.objc; path = ECLoggingMenu.m; sourceTree = "<group>"; };
		2283A4CB14F53C6F009142F7 /* ECLoggingSharedPrefix.pch */ = {isa = PBXFileReference; fileEncoding = 4; lastKnownFileType = sourcecode.c.h; path = ECLoggingSharedPrefix.pch; sourceTree = "<group>"; };
		2283A4D214F53D31009142F7 /* NSString+ECLogging.h */ = {isa = PBXFileReference; fileEncoding = 4; lastKnownFileType = sourcecode.c.h; path = "NSString+ECLogging.h"; sourceTree = "<group>"; };
		2283A4D314F53D31009142F7 /* NSString+ECLogging.m */ = {isa = PBXFileReference; fileEncoding = 4; lastKnownFileType = sourcecode.c.objc; path = "NSString+ECLogging.m"; sourceTree = "<group>"; };
		22970D3C14F5AA80007B254B /* ECLoggingDebugPrefix.pch */ = {isa = PBXFileReference; fileEncoding = 4; lastKnownFileType = sourcecode.c.h; path = ECLoggingDebugPrefix.pch; sourceTree = "<group>"; };
		22970D3D14F5AA80007B254B /* ECLoggingReleasePrefix.pch */ = {isa = PBXFileReference; fileEncoding = 4; lastKnownFileType = sourcecode.c.h; path = ECLoggingReleasePrefix.pch; sourceTree = "<group>"; };
		22970D8C14F5B362007B254B /* ECDynamicTestCase.h */ = {isa = PBXFileReference; lastKnownFileType = sourcecode.c.h; path = ECDynamicTestCase.h; sourceTree = "<group>"; };
		22970D8D14F5B362007B254B /* ECDynamicTestCase.m */ = {isa = PBXFileReference; lastKnownFileType = sourcecode.c.objc; path = ECDynamicTestCase.m; sourceTree = "<group>"; };
		22970D8E14F5B362007B254B /* ECTestCase.h */ = {isa = PBXFileReference; lastKnownFileType = sourcecode.c.h; path = ECTestCase.h; sourceTree = "<group>"; };
		22970D8F14F5B362007B254B /* ECTestCase.m */ = {isa = PBXFileReference; lastKnownFileType = sourcecode.c.objc; path = ECTestCase.m; sourceTree = "<group>"; };
		22970D9014F5B362007B254B /* README */ = {isa = PBXFileReference; lastKnownFileType = text; path = README; sourceTree = "<group>"; };
		22970D9214F5B362007B254B /* Test.bundle */ = {isa = PBXFileReference; lastKnownFileType = "wrapper.plug-in"; path = Test.bundle; sourceTree = "<group>"; };
		22970D9414F5B362007B254B /* ocunit2junit.rb */ = {isa = PBXFileReference; lastKnownFileType = text.script.ruby; path = ocunit2junit.rb; sourceTree = "<group>"; };
		22970D9514F5B362007B254B /* test-common.sh */ = {isa = PBXFileReference; lastKnownFileType = text.script.sh; path = "test-common.sh"; sourceTree = "<group>"; };
		22BE50B8149662D0007CC214 /* CoreText.framework */ = {isa = PBXFileReference; lastKnownFileType = wrapper.framework; name = CoreText.framework; path = Platforms/iPhoneOS.platform/Developer/SDKs/iPhoneOS5.1.sdk/System/Library/Frameworks/CoreText.framework; sourceTree = DEVELOPER_DIR; };
		22BE51331496BD00007CC214 /* CoreData.framework */ = {isa = PBXFileReference; lastKnownFileType = wrapper.framework; name = CoreData.framework; path = Platforms/iPhoneOS.platform/Developer/SDKs/iPhoneOS5.1.sdk/System/Library/Frameworks/CoreData.framework; sourceTree = DEVELOPER_DIR; };
		22BE51351496BD25007CC214 /* QuartzCore.framework */ = {isa = PBXFileReference; lastKnownFileType = wrapper.framework; name = QuartzCore.framework; path = Platforms/iPhoneOS.platform/Developer/SDKs/iPhoneOS5.1.sdk/System/Library/Frameworks/QuartzCore.framework; sourceTree = DEVELOPER_DIR; };
		22EC40A61358A0D1005C1F1A /* SystemConfiguration.framework */ = {isa = PBXFileReference; lastKnownFileType = wrapper.framework; name = SystemConfiguration.framework; path = SDKs/MacOSX10.6.sdk/System/Library/Frameworks/SystemConfiguration.framework; sourceTree = DEVELOPER_DIR; };
		22F2CA601534864400F0A01D /* ECErrorPresenterHandler.h */ = {isa = PBXFileReference; fileEncoding = 4; lastKnownFileType = sourcecode.c.h; path = ECErrorPresenterHandler.h; sourceTree = "<group>"; };
		22F2CA611534864400F0A01D /* ECErrorPresenterHandler.m */ = {isa = PBXFileReference; fileEncoding = 4; lastKnownFileType = sourcecode.c.objc; path = ECErrorPresenterHandler.m; sourceTree = "<group>"; };
		22F2CA6615348A5300F0A01D /* ECErrorAndMessage.h */ = {isa = PBXFileReference; fileEncoding = 4; lastKnownFileType = sourcecode.c.h; path = ECErrorAndMessage.h; sourceTree = "<group>"; };
		22F2CA6715348A5300F0A01D /* ECErrorAndMessage.m */ = {isa = PBXFileReference; fileEncoding = 4; lastKnownFileType = sourcecode.c.objc; path = ECErrorAndMessage.m; sourceTree = "<group>"; };
		22FAC46C132149E900103630 /* CoreLocation.framework */ = {isa = PBXFileReference; lastKnownFileType = wrapper.framework; name = CoreLocation.framework; path = SDKs/MacOSX10.6.sdk/System/Library/Frameworks/CoreLocation.framework; sourceTree = DEVELOPER_DIR; };
/* End PBXFileReference section */

/* Begin PBXFrameworksBuildPhase section */
		2202536614F56DE300F141E3 /* Frameworks */ = {
			isa = PBXFrameworksBuildPhase;
			buildActionMask = 2147483647;
			files = (
				2202536A14F56DE300F141E3 /* Foundation.framework in Frameworks */,
			);
			runOnlyForDeploymentPostprocessing = 0;
		};
		225EC66F11EBAA4800A97AEA /* Frameworks */ = {
			isa = PBXFrameworksBuildPhase;
			buildActionMask = 2147483647;
			files = (
				2268499F14F5722300B8691A /* Cocoa.framework in Frameworks */,
				2268499E14F5720600B8691A /* SenTestingKit.framework in Frameworks */,
				2274B3A614F5697C003B8A0B /* libECLoggingMac.a in Frameworks */,
				2260223E141F8AA40044644C /* IOKit.framework in Frameworks */,
				2260223D141F8A980044644C /* libcrypto.dylib in Frameworks */,
				2260223C141F8A8D0044644C /* Security.framework in Frameworks */,
				22552C13134BA18A00B8894E /* CoreLocation.framework in Frameworks */,
				22EC40A81358A17A005C1F1A /* SystemConfiguration.framework in Frameworks */,
			);
			runOnlyForDeploymentPostprocessing = 0;
		};
		2274B38914F56896003B8A0B /* Frameworks */ = {
			isa = PBXFrameworksBuildPhase;
			buildActionMask = 2147483647;
			files = (
				220253A314F56E8D00F141E3 /* libECLoggingIOS.a in Frameworks */,
				2274B38E14F56896003B8A0B /* SenTestingKit.framework in Frameworks */,
				2274B39014F56896003B8A0B /* UIKit.framework in Frameworks */,
				2274B39114F56896003B8A0B /* Foundation.framework in Frameworks */,
			);
			runOnlyForDeploymentPostprocessing = 0;
		};
		2283A3E514F52EC0009142F7 /* Frameworks */ = {
			isa = PBXFrameworksBuildPhase;
			buildActionMask = 2147483647;
			files = (
				2283A3E914F52EC0009142F7 /* Cocoa.framework in Frameworks */,
			);
			runOnlyForDeploymentPostprocessing = 0;
		};
/* End PBXFrameworksBuildPhase section */

/* Begin PBXGroup section */
		034768DFFF38A50411DB9C8B /* Products */ = {
			isa = PBXGroup;
			children = (
				225EC67211EBAA4800A97AEA /* EC Foundation Unit Tests Mac.octest */,
				2283A3E814F52EC0009142F7 /* libECLoggingMac.a */,
				2274B38D14F56896003B8A0B /* ECLoggingIOSTests.octest */,
				2202536914F56DE300F141E3 /* libECLoggingIOS.a */,
			);
			name = Products;
			path = ../..;
			sourceTree = BUILT_PRODUCTS_DIR;
		};
		0867D691FE84028FC02AAC07 /* ECFoundation */ = {
			isa = PBXGroup;
			children = (
				22BBB10114F646D20086974D /* Source */,
				2274B37714F56679003B8A0B /* Resources */,
				22970D8914F5B362007B254B /* Tests */,
				0867D69AFE84028FC02AAC07 /* Frameworks */,
				034768DFFF38A50411DB9C8B /* Products */,
			);
			name = ECFoundation;
			sourceTree = "<group>";
			usesTabs = 1;
		};
		0867D69AFE84028FC02AAC07 /* Frameworks */ = {
			isa = PBXGroup;
			children = (
				223CBAE11205C5930008A641 /* iOS */,
				1058C7B0FEA5585E11CA2CBB /* MacOS */,
				1058C7B2FEA5585E11CA2CBB /* Testing */,
				2283A3BB14F52E93009142F7 /* Cocoa.framework */,
				2283A3CD14F52E93009142F7 /* SenTestingKit.framework */,
				2237ECE314F5644C00085BF5 /* Foundation.framework */,
				2274B38F14F56896003B8A0B /* UIKit.framework */,
				2283A3BD14F52E93009142F7 /* Other Frameworks */,
			);
			name = Frameworks;
			sourceTree = "<group>";
		};
		1058C7B0FEA5585E11CA2CBB /* MacOS */ = {
			isa = PBXGroup;
			children = (
				2260223A141F8A4E0044644C /* libcrypto.dylib */,
				22602238141F8A460044644C /* Security.framework */,
				22602236141F8A230044644C /* IOKit.framework */,
				22602234141F8A160044644C /* Carbon.framework */,
				2229674F1354EDC5005F42E7 /* CoreFoundation.framework */,
				22EC40A61358A0D1005C1F1A /* SystemConfiguration.framework */,
				22552C12134BA18A00B8894E /* CoreLocation.framework */,
				22FAC46C132149E900103630 /* CoreLocation.framework */,
				0867D69BFE84028FC02AAC07 /* Foundation.framework */,
				1058C7B1FEA5585E11CA2CBB /* Cocoa.framework */,
			);
			name = MacOS;
			sourceTree = "<group>";
		};
		1058C7B2FEA5585E11CA2CBB /* Testing */ = {
			isa = PBXGroup;
			children = (
				227333B811EBBA3000695FB4 /* GHUnit.framework */,
			);
			name = Testing;
			sourceTree = "<group>";
		};
		223CBAE11205C5930008A641 /* iOS */ = {
			isa = PBXGroup;
			children = (
				22BE51351496BD25007CC214 /* QuartzCore.framework */,
				22BE51331496BD00007CC214 /* CoreData.framework */,
				22BE50B8149662D0007CC214 /* CoreText.framework */,
				22552BC7134B9E5300B8894E /* UIKit.framework */,
				22552BC9134B9E5300B8894E /* Foundation.framework */,
				22552BCB134B9E5300B8894E /* CoreGraphics.framework */,
				22552BE6134BA0C900B8894E /* CoreLocation.framework */,
				223CBAE61205C6380008A641 /* Foundation.framework */,
			);
			name = iOS;
			sourceTree = "<group>";
		};
		2274B37714F56679003B8A0B /* Resources */ = {
			isa = PBXGroup;
			children = (
				2274B37814F56679003B8A0B /* ECLoggingTests.plist */,
			);
			path = Resources;
			sourceTree = "<group>";
		};
		2283A3BD14F52E93009142F7 /* Other Frameworks */ = {
			isa = PBXGroup;
			children = (
				2283A3BE14F52E93009142F7 /* AppKit.framework */,
				2283A3BF14F52E93009142F7 /* CoreData.framework */,
				2283A3C014F52E93009142F7 /* Foundation.framework */,
			);
			name = "Other Frameworks";
			sourceTree = "<group>";
		};
		2283A43A14F53BCC009142F7 /* Generic */ = {
			isa = PBXGroup;
			children = (
				2283A43B14F53BCC009142F7 /* ECASLClient.h */,
				2283A43C14F53BCC009142F7 /* ECASLClient.m */,
				2283A43D14F53BCC009142F7 /* ECAssertion.h */,
				2283A43E14F53BCC009142F7 /* ECAssertion.m */,
				22F2CA6615348A5300F0A01D /* ECErrorAndMessage.h */,
				22F2CA6715348A5300F0A01D /* ECErrorAndMessage.m */,
				2283A43F14F53BCC009142F7 /* ECErrorReporter.h */,
				2283A44014F53BCC009142F7 /* ECErrorReporter.m */,
				2283A44114F53BCC009142F7 /* ECLogChannel.h */,
				2283A44214F53BCC009142F7 /* ECLogChannel.m */,
				2283A44314F53BCC009142F7 /* ECLogContext.h */,
				2283A44414F53BCC009142F7 /* ECLogging.h */,
				2283A44514F53BCC009142F7 /* ECLogging.m */,
				2283A44614F53BCC009142F7 /* ECLogHandler.h */,
				2283A44714F53BCC009142F7 /* ECLogHandler.m */,
				2283A44814F53BCC009142F7 /* ECLogManager.h */,
				2283A44914F53BCC009142F7 /* ECLogManager.m */,
				2283A4D214F53D31009142F7 /* NSString+ECLogging.h */,
				2283A4D314F53D31009142F7 /* NSString+ECLogging.m */,
				2283A44A14F53BCC009142F7 /* Handlers */,
			);
			path = Generic;
			sourceTree = "<group>";
		};
		2283A44A14F53BCC009142F7 /* Handlers */ = {
			isa = PBXGroup;
			children = (
				2283A44B14F53BCC009142F7 /* ECLogHandlerASL.h */,
				2283A44C14F53BCC009142F7 /* ECLogHandlerASL.m */,
				2283A44D14F53BCC009142F7 /* ECLogHandlerFile.h */,
				2283A44E14F53BCC009142F7 /* ECLogHandlerFile.m */,
				2283A44F14F53BCC009142F7 /* ECLogHandlerNSLog.h */,
				2283A45014F53BCC009142F7 /* ECLogHandlerNSLog.m */,
				2283A45114F53BCC009142F7 /* ECLogHandlerStderr.h */,
				2283A45214F53BCC009142F7 /* ECLogHandlerStderr.m */,
				2283A45314F53BCC009142F7 /* ECLogHandlerStdout.h */,
				2283A45414F53BCC009142F7 /* ECLogHandlerStdout.m */,
			);
			path = Handlers;
			sourceTree = "<group>";
		};
		2283A45514F53BCC009142F7 /* iOS */ = {
			isa = PBXGroup;
			children = (
				2283A45614F53BCC009142F7 /* ECDebugChannelsViewController.h */,
				2283A45714F53BCC009142F7 /* ECDebugChannelsViewController.m */,
				2283A45814F53BCC009142F7 /* ECDebugChannelViewController.h */,
				2283A45914F53BCC009142F7 /* ECDebugChannelViewController.m */,
				2283A45A14F53BCC009142F7 /* ECDebugViewController.h */,
				2283A45B14F53BCC009142F7 /* ECDebugViewController.m */,
				2283A45C14F53BCC009142F7 /* ECDebugViewPopoverController.h */,
				2283A45D14F53BCC009142F7 /* ECDebugViewPopoverController.m */,
				2283A45E14F53BCC009142F7 /* ECLogViewController.h */,
				2283A45F14F53BCC009142F7 /* ECLogViewController.m */,
				2283A46014F53BCC009142F7 /* ECLogViewHandler.h */,
				2283A46114F53BCC009142F7 /* ECLogViewHandler.m */,
				2283A46214F53BCC009142F7 /* ECLogViewHandlerItem.h */,
				2283A46314F53BCC009142F7 /* ECLogViewHandlerItem.m */,
			);
			path = iOS;
			sourceTree = "<group>";
		};
		2283A46414F53BCC009142F7 /* Mac */ = {
			isa = PBXGroup;
			children = (
				22F2CA601534864400F0A01D /* ECErrorPresenterHandler.h */,
				22F2CA611534864400F0A01D /* ECErrorPresenterHandler.m */,
				2283A46514F53BCC009142F7 /* ECLoggingMenu.h */,
				2283A46614F53BCC009142F7 /* ECLoggingMenu.m */,
				2237ECD914F563D200085BF5 /* NSMenu+ECLogging.h */,
				2237ECDA14F563D200085BF5 /* NSMenu+ECLogging.m */,
			);
			path = Mac;
			sourceTree = "<group>";
		};
		2283A4C814F53C6F009142F7 /* Prefix */ = {
			isa = PBXGroup;
			children = (
				22970D3C14F5AA80007B254B /* ECLoggingDebugPrefix.pch */,
				22970D3D14F5AA80007B254B /* ECLoggingReleasePrefix.pch */,
				2283A4CB14F53C6F009142F7 /* ECLoggingSharedPrefix.pch */,
			);
			path = Prefix;
			sourceTree = "<group>";
		};
		22970D8914F5B362007B254B /* Tests */ = {
			isa = PBXGroup;
			children = (
				22970D8A14F5B362007B254B /* ECUnitTests */,
			);
			path = Tests;
			sourceTree = "<group>";
		};
		22970D8A14F5B362007B254B /* ECUnitTests */ = {
			isa = PBXGroup;
			children = (
				22970D8B14F5B362007B254B /* Generic */,
				22970D9014F5B362007B254B /* README */,
				22970D9114F5B362007B254B /* Resources */,
				22970D9314F5B362007B254B /* Scripts */,
			);
			path = ECUnitTests;
			sourceTree = "<group>";
		};
		22970D8B14F5B362007B254B /* Generic */ = {
			isa = PBXGroup;
			children = (
				22970D8C14F5B362007B254B /* ECDynamicTestCase.h */,
				22970D8D14F5B362007B254B /* ECDynamicTestCase.m */,
				22970D8E14F5B362007B254B /* ECTestCase.h */,
				22970D8F14F5B362007B254B /* ECTestCase.m */,
			);
			path = Generic;
			sourceTree = "<group>";
		};
		22970D9114F5B362007B254B /* Resources */ = {
			isa = PBXGroup;
			children = (
				22970D9214F5B362007B254B /* Test.bundle */,
			);
			path = Resources;
			sourceTree = "<group>";
		};
		22970D9314F5B362007B254B /* Scripts */ = {
			isa = PBXGroup;
			children = (
				22970D9414F5B362007B254B /* ocunit2junit.rb */,
				22970D9514F5B362007B254B /* test-common.sh */,
			);
			path = Scripts;
			sourceTree = "<group>";
		};
		22BBB10114F646D20086974D /* Source */ = {
			isa = PBXGroup;
			children = (
				2283A43A14F53BCC009142F7 /* Generic */,
				2283A45514F53BCC009142F7 /* iOS */,
				2283A46414F53BCC009142F7 /* Mac */,
				2283A4C814F53C6F009142F7 /* Prefix */,
			);
			path = Source;
			sourceTree = "<group>";
		};
/* End PBXGroup section */

/* Begin PBXHeadersBuildPhase section */
		2202536714F56DE300F141E3 /* Headers */ = {
			isa = PBXHeadersBuildPhase;
			buildActionMask = 2147483647;
			files = (
				2202538C14F56E3F00F141E3 /* ECASLClient.h in Headers */,
				2202538D14F56E3F00F141E3 /* ECAssertion.h in Headers */,
				2202538E14F56E3F00F141E3 /* ECErrorReporter.h in Headers */,
				2202538F14F56E3F00F141E3 /* ECLogChannel.h in Headers */,
				2202539014F56E3F00F141E3 /* ECLogContext.h in Headers */,
				2202539114F56E3F00F141E3 /* ECLogging.h in Headers */,
				2202539214F56E3F00F141E3 /* ECLogHandler.h in Headers */,
				2202539314F56E3F00F141E3 /* ECLogManager.h in Headers */,
				2202539414F56E3F00F141E3 /* NSString+ECLogging.h in Headers */,
				2202539514F56E4900F141E3 /* ECLogHandlerASL.h in Headers */,
				2202539614F56E4900F141E3 /* ECLogHandlerFile.h in Headers */,
				2202539714F56E4900F141E3 /* ECLogHandlerNSLog.h in Headers */,
				2202539814F56E4900F141E3 /* ECLogHandlerStderr.h in Headers */,
				2202539914F56E4900F141E3 /* ECLogHandlerStdout.h in Headers */,
				2202539A14F56E5400F141E3 /* ECDebugChannelsViewController.h in Headers */,
				2202539B14F56E5400F141E3 /* ECDebugChannelViewController.h in Headers */,
				2202539C14F56E5400F141E3 /* ECDebugViewController.h in Headers */,
				2202539D14F56E5400F141E3 /* ECDebugViewPopoverController.h in Headers */,
				2202539E14F56E5400F141E3 /* ECLogViewController.h in Headers */,
				2202539F14F56E5400F141E3 /* ECLogViewHandler.h in Headers */,
				220253A014F56E5400F141E3 /* ECLogViewHandlerItem.h in Headers */,
				22970D3F14F5AA80007B254B /* ECLoggingDebugPrefix.pch in Headers */,
				22970D4114F5AA80007B254B /* ECLoggingReleasePrefix.pch in Headers */,
				22970D4F14F5AD55007B254B /* ECLoggingSharedPrefix.pch in Headers */,
				22F2CA6D1534A35B00F0A01D /* ECErrorAndMessage.h in Headers */,
			);
			runOnlyForDeploymentPostprocessing = 0;
		};
		2283A3E614F52EC0009142F7 /* Headers */ = {
			isa = PBXHeadersBuildPhase;
			buildActionMask = 2147483647;
			files = (
				2283A4B914F53BFE009142F7 /* ECASLClient.h in Headers */,
				2283A4BB14F53BFE009142F7 /* ECAssertion.h in Headers */,
				2283A4BD14F53BFE009142F7 /* ECErrorReporter.h in Headers */,
				2283A4BF14F53BFE009142F7 /* ECLogChannel.h in Headers */,
				2283A4C114F53BFE009142F7 /* ECLogContext.h in Headers */,
				2283A4C214F53BFE009142F7 /* ECLogging.h in Headers */,
				2283A4C414F53BFE009142F7 /* ECLogHandler.h in Headers */,
				2283A4C614F53BFE009142F7 /* ECLogManager.h in Headers */,
				2283A4CE14F53C6F009142F7 /* ECLoggingSharedPrefix.pch in Headers */,
				2283A4D414F53D31009142F7 /* NSString+ECLogging.h in Headers */,
				2231F9C514F541130064EB98 /* ECLogHandlerASL.h in Headers */,
				2231F9C714F541130064EB98 /* ECLogHandlerFile.h in Headers */,
				2231F9C914F541130064EB98 /* ECLogHandlerNSLog.h in Headers */,
				2231F9CB14F541130064EB98 /* ECLogHandlerStderr.h in Headers */,
				2231F9CD14F541130064EB98 /* ECLogHandlerStdout.h in Headers */,
				2231F9D014F541220064EB98 /* ECLoggingMenu.h in Headers */,
				2237ECDB14F563D200085BF5 /* NSMenu+ECLogging.h in Headers */,
				22970D3E14F5AA80007B254B /* ECLoggingDebugPrefix.pch in Headers */,
				22970D4014F5AA80007B254B /* ECLoggingReleasePrefix.pch in Headers */,
				22F2CA621534864400F0A01D /* ECErrorPresenterHandler.h in Headers */,
				22F2CA6815348A5300F0A01D /* ECErrorAndMessage.h in Headers */,
			);
			runOnlyForDeploymentPostprocessing = 0;
		};
/* End PBXHeadersBuildPhase section */

/* Begin PBXNativeTarget section */
		2202536814F56DE300F141E3 /* ECLoggingIOS */ = {
			isa = PBXNativeTarget;
			buildConfigurationList = 2202538614F56DE400F141E3 /* Build configuration list for PBXNativeTarget "ECLoggingIOS" */;
			buildPhases = (
				2202536514F56DE300F141E3 /* Sources */,
				2202536614F56DE300F141E3 /* Frameworks */,
				2202536714F56DE300F141E3 /* Headers */,
			);
			buildRules = (
			);
			dependencies = (
			);
			name = ECLoggingIOS;
			productName = iOS;
			productReference = 2202536914F56DE300F141E3 /* libECLoggingIOS.a */;
			productType = "com.apple.product-type.library.static";
		};
		225EC67111EBAA4800A97AEA /* ECLoggingMacTests */ = {
			isa = PBXNativeTarget;
			buildConfigurationList = 225EC67611EBAA4800A97AEA /* Build configuration list for PBXNativeTarget "ECLoggingMacTests" */;
			buildPhases = (
				225EC66D11EBAA4800A97AEA /* Resources */,
				225EC66E11EBAA4800A97AEA /* Sources */,
				225EC66F11EBAA4800A97AEA /* Frameworks */,
				225EC67011EBAA4800A97AEA /* ShellScript */,
			);
			buildRules = (
			);
			dependencies = (
				2274B3A514F5696D003B8A0B /* PBXTargetDependency */,
			);
			name = ECLoggingMacTests;
			productName = "EC Foundation Unit Tests";
			productReference = 225EC67211EBAA4800A97AEA /* EC Foundation Unit Tests Mac.octest */;
			productType = "com.apple.product-type.bundle";
		};
		2274B38C14F56896003B8A0B /* ECLoggingIOSTests */ = {
			isa = PBXNativeTarget;
			buildConfigurationList = 2274B3A114F56896003B8A0B /* Build configuration list for PBXNativeTarget "ECLoggingIOSTests" */;
			buildPhases = (
				2274B38814F56896003B8A0B /* Sources */,
				2274B38914F56896003B8A0B /* Frameworks */,
				2274B38A14F56896003B8A0B /* Resources */,
				2274B38B14F56896003B8A0B /* ShellScript */,
			);
			buildRules = (
			);
			dependencies = (
				220253A214F56E8300F141E3 /* PBXTargetDependency */,
			);
			name = ECLoggingIOSTests;
			productName = blahTests;
			productReference = 2274B38D14F56896003B8A0B /* ECLoggingIOSTests.octest */;
			productType = "com.apple.product-type.bundle";
		};
		2283A3E714F52EC0009142F7 /* ECLoggingMac */ = {
			isa = PBXNativeTarget;
			buildConfigurationList = 2283A40414F52EC0009142F7 /* Build configuration list for PBXNativeTarget "ECLoggingMac" */;
			buildPhases = (
				2283A3E414F52EC0009142F7 /* Sources */,
				2283A3E514F52EC0009142F7 /* Frameworks */,
				2283A3E614F52EC0009142F7 /* Headers */,
			);
			buildRules = (
			);
			dependencies = (
			);
			name = ECLoggingMac;
			productName = libECCoreMac;
			productReference = 2283A3E814F52EC0009142F7 /* libECLoggingMac.a */;
			productType = "com.apple.product-type.library.static";
		};
/* End PBXNativeTarget section */

/* Begin PBXProject section */
		0867D690FE84028FC02AAC07 /* Project object */ = {
			isa = PBXProject;
			attributes = {
				LastUpgradeCheck = 0430;
				ORGANIZATIONNAME = "Elegant Chaos";
			};
			buildConfigurationList = 1DEB91B108733DA50010E9CD /* Build configuration list for PBXProject "ECLogging" */;
			compatibilityVersion = "Xcode 3.2";
			developmentRegion = English;
			hasScannedForEncodings = 1;
			knownRegions = (
				English,
				Japanese,
				French,
				German,
				en,
				ec,
			);
			mainGroup = 0867D691FE84028FC02AAC07 /* ECFoundation */;
			productRefGroup = 034768DFFF38A50411DB9C8B /* Products */;
			projectDirPath = "";
			projectRoot = "";
			targets = (
				2283A3E714F52EC0009142F7 /* ECLoggingMac */,
				225EC67111EBAA4800A97AEA /* ECLoggingMacTests */,
				2202536814F56DE300F141E3 /* ECLoggingIOS */,
				2274B38C14F56896003B8A0B /* ECLoggingIOSTests */,
				22552BB3134B9D8400B8894E /* ECLogging Everything */,
			);
		};
/* End PBXProject section */

/* Begin PBXResourcesBuildPhase section */
		225EC66D11EBAA4800A97AEA /* Resources */ = {
			isa = PBXResourcesBuildPhase;
			buildActionMask = 2147483647;
			files = (
			);
			runOnlyForDeploymentPostprocessing = 0;
		};
		2274B38A14F56896003B8A0B /* Resources */ = {
			isa = PBXResourcesBuildPhase;
			buildActionMask = 2147483647;
			files = (
			);
			runOnlyForDeploymentPostprocessing = 0;
		};
/* End PBXResourcesBuildPhase section */

/* Begin PBXShellScriptBuildPhase section */
		225EC67011EBAA4800A97AEA /* ShellScript */ = {
			isa = PBXShellScriptBuildPhase;
			buildActionMask = 2147483647;
			files = (
			);
			inputPaths = (
			);
			outputPaths = (
			);
			runOnlyForDeploymentPostprocessing = 0;
			shellPath = /bin/sh;
			shellScript = "# Run the unit tests in this test bundle.\n\"${SYSTEM_DEVELOPER_DIR}/Tools/RunUnitTests\"\n";
			showEnvVarsInLog = 0;
		};
		2274B38B14F56896003B8A0B /* ShellScript */ = {
			isa = PBXShellScriptBuildPhase;
			buildActionMask = 2147483647;
			files = (
			);
			inputPaths = (
			);
			outputPaths = (
			);
			runOnlyForDeploymentPostprocessing = 0;
			shellPath = /bin/sh;
			shellScript = "# Run the unit tests in this test bundle.\n\"${SYSTEM_DEVELOPER_DIR}/Tools/RunUnitTests\"\n";
		};
/* End PBXShellScriptBuildPhase section */

/* Begin PBXSourcesBuildPhase section */
		2202536514F56DE300F141E3 /* Sources */ = {
			isa = PBXSourcesBuildPhase;
			buildActionMask = 2147483647;
			files = (
				22970D5F14F5AF1F007B254B /* ECASLClient.m in Sources */,
				22970D6014F5AF1F007B254B /* ECAssertion.m in Sources */,
				22970D6114F5AF1F007B254B /* ECErrorReporter.m in Sources */,
				22970D6214F5AF1F007B254B /* ECLogChannel.m in Sources */,
				22970D6314F5AF1F007B254B /* ECLogging.m in Sources */,
				22970D6414F5AF1F007B254B /* ECLogHandler.m in Sources */,
				22970D6514F5AF1F007B254B /* ECLogManager.m in Sources */,
				22970D6614F5AF1F007B254B /* NSString+ECLogging.m in Sources */,
				22970D6714F5AF28007B254B /* ECLogHandlerASL.m in Sources */,
				22970D6814F5AF28007B254B /* ECLogHandlerFile.m in Sources */,
				22970D6914F5AF28007B254B /* ECLogHandlerNSLog.m in Sources */,
				22970D6A14F5AF28007B254B /* ECLogHandlerStderr.m in Sources */,
				22970D6B14F5AF28007B254B /* ECLogHandlerStdout.m in Sources */,
				22970D6C14F5AF37007B254B /* ECDebugChannelsViewController.m in Sources */,
				22970D6D14F5AF37007B254B /* ECDebugChannelViewController.m in Sources */,
				22970D6E14F5AF37007B254B /* ECDebugViewController.m in Sources */,
				22970D6F14F5AF37007B254B /* ECDebugViewPopoverController.m in Sources */,
				22970D7014F5AF37007B254B /* ECLogViewController.m in Sources */,
				22970D7114F5AF37007B254B /* ECLogViewHandler.m in Sources */,
				22970D7214F5AF37007B254B /* ECLogViewHandlerItem.m in Sources */,
				22F2CA6B1534A34F00F0A01D /* ECErrorAndMessage.m in Sources */,
			);
			runOnlyForDeploymentPostprocessing = 0;
		};
		225EC66E11EBAA4800A97AEA /* Sources */ = {
			isa = PBXSourcesBuildPhase;
			buildActionMask = 2147483647;
			files = (
				2237ECDC14F563D200085BF5 /* NSMenu+ECLogging.m in Sources */,
				22F2CA6A15348A5300F0A01D /* ECErrorAndMessage.m in Sources */,
			);
			runOnlyForDeploymentPostprocessing = 0;
		};
		2274B38814F56896003B8A0B /* Sources */ = {
			isa = PBXSourcesBuildPhase;
			buildActionMask = 2147483647;
			files = (
				22F2CA6C1534A35000F0A01D /* ECErrorAndMessage.m in Sources */,
			);
			runOnlyForDeploymentPostprocessing = 0;
		};
		2283A3E414F52EC0009142F7 /* Sources */ = {
			isa = PBXSourcesBuildPhase;
			buildActionMask = 2147483647;
			files = (
				2283A4BA14F53BFE009142F7 /* ECASLClient.m in Sources */,
				2283A4BC14F53BFE009142F7 /* ECAssertion.m in Sources */,
				2283A4BE14F53BFE009142F7 /* ECErrorReporter.m in Sources */,
				2283A4C014F53BFE009142F7 /* ECLogChannel.m in Sources */,
				2283A4C314F53BFE009142F7 /* ECLogging.m in Sources */,
				2283A4C514F53BFE009142F7 /* ECLogHandler.m in Sources */,
				2283A4C714F53BFE009142F7 /* ECLogManager.m in Sources */,
				2283A4D514F53D31009142F7 /* NSString+ECLogging.m in Sources */,
				2231F9C614F541130064EB98 /* ECLogHandlerASL.m in Sources */,
				2231F9C814F541130064EB98 /* ECLogHandlerFile.m in Sources */,
				2231F9CA14F541130064EB98 /* ECLogHandlerNSLog.m in Sources */,
				2231F9CC14F541130064EB98 /* ECLogHandlerStderr.m in Sources */,
				2231F9CE14F541130064EB98 /* ECLogHandlerStdout.m in Sources */,
				2231F9D114F541220064EB98 /* ECLoggingMenu.m in Sources */,
				2237ECDD14F563D200085BF5 /* NSMenu+ECLogging.m in Sources */,
				22F2CA631534864400F0A01D /* ECErrorPresenterHandler.m in Sources */,
				22F2CA6915348A5300F0A01D /* ECErrorAndMessage.m in Sources */,
			);
			runOnlyForDeploymentPostprocessing = 0;
		};
/* End PBXSourcesBuildPhase section */

/* Begin PBXTargetDependency section */
		220253A214F56E8300F141E3 /* PBXTargetDependency */ = {
			isa = PBXTargetDependency;
			target = 2202536814F56DE300F141E3 /* ECLoggingIOS */;
			targetProxy = 220253A114F56E8300F141E3 /* PBXContainerItemProxy */;
		};
		2237ED0A14F5655200085BF5 /* PBXTargetDependency */ = {
			isa = PBXTargetDependency;
			target = 2283A3E714F52EC0009142F7 /* ECLoggingMac */;
			targetProxy = 2237ED0914F5655200085BF5 /* PBXContainerItemProxy */;
		};
		2274B3A514F5696D003B8A0B /* PBXTargetDependency */ = {
			isa = PBXTargetDependency;
			target = 2283A3E714F52EC0009142F7 /* ECLoggingMac */;
			targetProxy = 2274B3A414F5696D003B8A0B /* PBXContainerItemProxy */;
		};
		22BBB12314F64A3E0086974D /* PBXTargetDependency */ = {
			isa = PBXTargetDependency;
			target = 2202536814F56DE300F141E3 /* ECLoggingIOS */;
			targetProxy = 22BBB12214F64A3E0086974D /* PBXContainerItemProxy */;
		};
/* End PBXTargetDependency section */

/* Begin XCBuildConfiguration section */
		1DEB91B208733DA50010E9CD /* Debug */ = {
			isa = XCBuildConfiguration;
			buildSettings = {
				ALWAYS_SEARCH_USER_PATHS = NO;
				CLANG_ENABLE_OBJC_ARC = NO;
				COPY_PHASE_STRIP = YES;
				GCC_C_LANGUAGE_STANDARD = gnu99;
				GCC_DYNAMIC_NO_PIC = NO;
				GCC_OPTIMIZATION_LEVEL = 0;
				GCC_PREFIX_HEADER = "Source/Prefix/ECLogging$(CONFIGURATION)Prefix.pch";
				GCC_PREPROCESSOR_DEFINITIONS = (
					"DEBUG=1",
					"$(inherited)",
				);
				GCC_VERSION = "";
				GCC_WARN_ABOUT_MISSING_PROTOTYPES = YES;
				GCC_WARN_ABOUT_RETURN_TYPE = YES;
				GCC_WARN_UNUSED_VARIABLE = YES;
				OTHER_CFLAGS = "-DNS_BLOCK_ASSERTIONS=1";
				SDKROOT = macosx;
				VALIDATE_PRODUCT = YES;
			};
			name = Debug;
		};
		1DEB91B308733DA50010E9CD /* Release */ = {
			isa = XCBuildConfiguration;
			buildSettings = {
				ALWAYS_SEARCH_USER_PATHS = NO;
				CLANG_ENABLE_OBJC_ARC = NO;
				COPY_PHASE_STRIP = YES;
				GCC_C_LANGUAGE_STANDARD = gnu99;
				GCC_DYNAMIC_NO_PIC = NO;
				GCC_OPTIMIZATION_LEVEL = 0;
				GCC_PREFIX_HEADER = "Source/Prefix/ECLogging$(CONFIGURATION)Prefix.pch";
				GCC_PREPROCESSOR_DEFINITIONS = (
					"DEBUG=1",
					"$(inherited)",
				);
				GCC_VERSION = "";
				GCC_WARN_ABOUT_MISSING_PROTOTYPES = YES;
				GCC_WARN_ABOUT_RETURN_TYPE = YES;
				GCC_WARN_UNUSED_VARIABLE = YES;
				OTHER_CFLAGS = "-DNS_BLOCK_ASSERTIONS=1";
				SDKROOT = macosx;
				VALIDATE_PRODUCT = YES;
			};
			name = Release;
		};
		2202538714F56DE400F141E3 /* Debug */ = {
			isa = XCBuildConfiguration;
			buildSettings = {
				ARCHS = "$(ARCHS_STANDARD_32_BIT)";
				COPY_PHASE_STRIP = NO;
				DSTROOT = /tmp/iOS.dst;
				GCC_C_LANGUAGE_STANDARD = gnu99;
				GCC_DYNAMIC_NO_PIC = NO;
				GCC_OPTIMIZATION_LEVEL = 0;
				GCC_PRECOMPILE_PREFIX_HEADER = YES;
				GCC_PREPROCESSOR_DEFINITIONS = (
					"DEBUG=1",
					"$(inherited)",
				);
				GCC_SYMBOLS_PRIVATE_EXTERN = NO;
				GCC_VERSION = "";
				GCC_WARN_ABOUT_RETURN_TYPE = YES;
				GCC_WARN_UNINITIALIZED_AUTOS = YES;
				GCC_WARN_UNUSED_VARIABLE = YES;
				IPHONEOS_DEPLOYMENT_TARGET = 4.3;
				OTHER_LDFLAGS = "-ObjC";
				PRODUCT_NAME = "$(TARGET_NAME)";
				PUBLIC_HEADERS_FOLDER_PATH = includes/eclogging;
				SDKROOT = iphoneos;
				SKIP_INSTALL = YES;
			};
			name = Debug;
		};
		2202538814F56DE400F141E3 /* Release */ = {
			isa = XCBuildConfiguration;
			buildSettings = {
				ARCHS = "$(ARCHS_STANDARD_32_BIT)";
				COPY_PHASE_STRIP = YES;
				DSTROOT = /tmp/iOS.dst;
				GCC_C_LANGUAGE_STANDARD = gnu99;
				GCC_PRECOMPILE_PREFIX_HEADER = YES;
				GCC_VERSION = "";
				GCC_WARN_ABOUT_RETURN_TYPE = YES;
				GCC_WARN_UNINITIALIZED_AUTOS = YES;
				GCC_WARN_UNUSED_VARIABLE = YES;
				IPHONEOS_DEPLOYMENT_TARGET = 4.3;
				OTHER_LDFLAGS = "-ObjC";
				PRODUCT_NAME = "$(TARGET_NAME)";
				PUBLIC_HEADERS_FOLDER_PATH = includes/eclogging;
				SDKROOT = iphoneos;
				SKIP_INSTALL = YES;
				VALIDATE_PRODUCT = YES;
			};
			name = Release;
		};
		22552BB5134B9D8500B8894E /* Debug */ = {
			isa = XCBuildConfiguration;
			buildSettings = {
				PRODUCT_NAME = "$(TARGET_NAME)";
			};
			name = Debug;
		};
		22552BB6134B9D8500B8894E /* Release */ = {
			isa = XCBuildConfiguration;
			buildSettings = {
				PRODUCT_NAME = "$(TARGET_NAME)";
			};
			name = Release;
		};
		225EC67411EBAA4800A97AEA /* Debug */ = {
			isa = XCBuildConfiguration;
			buildSettings = {
				ARCHS = "$(ARCHS_STANDARD_64_BIT)";
				COPY_PHASE_STRIP = NO;
				FRAMEWORK_SEARCH_PATHS = "\"$(DEVELOPER_LIBRARY_DIR)/Frameworks\"";
				GCC_ENABLE_OBJC_EXCEPTIONS = YES;
				GCC_OPTIMIZATION_LEVEL = 0;
				GCC_PRECOMPILE_PREFIX_HEADER = YES;
				INFOPLIST_FILE = Resources/ECLoggingTests.plist;
				INSTALL_PATH = "$(USER_LIBRARY_DIR)/Bundles";
				PRODUCT_NAME = "EC Foundation Unit Tests Mac";
				WRAPPER_EXTENSION = octest;
			};
			name = Debug;
		};
		225EC67511EBAA4800A97AEA /* Release */ = {
			isa = XCBuildConfiguration;
			buildSettings = {
				ARCHS = "$(ARCHS_STANDARD_64_BIT)";
				COPY_PHASE_STRIP = YES;
				FRAMEWORK_SEARCH_PATHS = "$(DEVELOPER_LIBRARY_DIR)/Frameworks";
				GCC_ENABLE_OBJC_EXCEPTIONS = YES;
				GCC_PRECOMPILE_PREFIX_HEADER = YES;
				INFOPLIST_FILE = Resources/ECLoggingTests.plist;
				INSTALL_PATH = "$(USER_LIBRARY_DIR)/Bundles";
				PRODUCT_NAME = "EC Foundation Unit Tests Mac";
				WRAPPER_EXTENSION = octest;
			};
			name = Release;
		};
		2274B3A214F56896003B8A0B /* Debug */ = {
			isa = XCBuildConfiguration;
			buildSettings = {
				ALWAYS_SEARCH_USER_PATHS = NO;
				ARCHS = "$(ARCHS_STANDARD_32_BIT)";
				COPY_PHASE_STRIP = NO;
				FRAMEWORK_SEARCH_PATHS = (
					"$(SDKROOT)/Developer/Library/Frameworks",
					"$(DEVELOPER_LIBRARY_DIR)/Frameworks",
				);
				GCC_VERSION = com.apple.compilers.llvm.clang.1_0;
				INFOPLIST_FILE = Resources/ECLoggingTests.plist;
				IPHONEOS_DEPLOYMENT_TARGET = 4.3;
				PRODUCT_NAME = "$(TARGET_NAME)";
				SDKROOT = iphoneos;
				WRAPPER_EXTENSION = octest;
			};
			name = Debug;
		};
		2274B3A314F56896003B8A0B /* Release */ = {
			isa = XCBuildConfiguration;
			buildSettings = {
				ALWAYS_SEARCH_USER_PATHS = NO;
				ARCHS = "$(ARCHS_STANDARD_32_BIT)";
				COPY_PHASE_STRIP = YES;
				FRAMEWORK_SEARCH_PATHS = (
					"$(SDKROOT)/Developer/Library/Frameworks",
					"$(DEVELOPER_LIBRARY_DIR)/Frameworks",
				);
				GCC_VERSION = com.apple.compilers.llvm.clang.1_0;
				INFOPLIST_FILE = Resources/ECLoggingTests.plist;
				IPHONEOS_DEPLOYMENT_TARGET = 4.3;
				PRODUCT_NAME = "$(TARGET_NAME)";
				SDKROOT = iphoneos;
				VALIDATE_PRODUCT = YES;
				WRAPPER_EXTENSION = octest;
			};
			name = Release;
		};
		2283A40514F52EC0009142F7 /* Debug */ = {
			isa = XCBuildConfiguration;
			buildSettings = {
				ARCHS = "$(ARCHS_STANDARD_64_BIT)";
				CONFIGURATION_BUILD_DIR = "$(BUILD_DIR)/$(CONFIGURATION)$(EFFECTIVE_PLATFORM_NAME)";
				PRODUCT_NAME = "$(TARGET_NAME)";
				PUBLIC_HEADERS_FOLDER_PATH = includes/eclogging;
			};
			name = Debug;
		};
		2283A40614F52EC0009142F7 /* Release */ = {
			isa = XCBuildConfiguration;
			buildSettings = {
				ARCHS = "$(ARCHS_STANDARD_64_BIT)";
				CONFIGURATION_BUILD_DIR = "$(BUILD_DIR)/$(CONFIGURATION)$(EFFECTIVE_PLATFORM_NAME)";
				PRODUCT_NAME = "$(TARGET_NAME)";
				PUBLIC_HEADERS_FOLDER_PATH = includes/eclogging;
			};
			name = Release;
		};
/* End XCBuildConfiguration section */

/* Begin XCConfigurationList section */
		1DEB91B108733DA50010E9CD /* Build configuration list for PBXProject "ECLogging" */ = {
			isa = XCConfigurationList;
			buildConfigurations = (
				1DEB91B208733DA50010E9CD /* Debug */,
				1DEB91B308733DA50010E9CD /* Release */,
			);
			defaultConfigurationIsVisible = 0;
			defaultConfigurationName = Release;
		};
		2202538614F56DE400F141E3 /* Build configuration list for PBXNativeTarget "ECLoggingIOS" */ = {
			isa = XCConfigurationList;
			buildConfigurations = (
				2202538714F56DE400F141E3 /* Debug */,
				2202538814F56DE400F141E3 /* Release */,
			);
			defaultConfigurationIsVisible = 0;
			defaultConfigurationName = Release;
		};
		22552BB4134B9D8500B8894E /* Build configuration list for PBXAggregateTarget "ECLogging Everything" */ = {
			isa = XCConfigurationList;
			buildConfigurations = (
				22552BB5134B9D8500B8894E /* Debug */,
				22552BB6134B9D8500B8894E /* Release */,
			);
			defaultConfigurationIsVisible = 0;
			defaultConfigurationName = Release;
		};
		225EC67611EBAA4800A97AEA /* Build configuration list for PBXNativeTarget "ECLoggingMacTests" */ = {
			isa = XCConfigurationList;
			buildConfigurations = (
				225EC67411EBAA4800A97AEA /* Debug */,
				225EC67511EBAA4800A97AEA /* Release */,
			);
			defaultConfigurationIsVisible = 0;
			defaultConfigurationName = Release;
		};
		2274B3A114F56896003B8A0B /* Build configuration list for PBXNativeTarget "ECLoggingIOSTests" */ = {
			isa = XCConfigurationList;
			buildConfigurations = (
				2274B3A214F56896003B8A0B /* Debug */,
				2274B3A314F56896003B8A0B /* Release */,
			);
			defaultConfigurationIsVisible = 0;
			defaultConfigurationName = Release;
		};
		2283A40414F52EC0009142F7 /* Build configuration list for PBXNativeTarget "ECLoggingMac" */ = {
			isa = XCConfigurationList;
			buildConfigurations = (
				2283A40514F52EC0009142F7 /* Debug */,
				2283A40614F52EC0009142F7 /* Release */,
			);
			defaultConfigurationIsVisible = 0;
			defaultConfigurationName = Release;
		};
/* End XCConfigurationList section */
	};
	rootObject = 0867D690FE84028FC02AAC07 /* Project object */;
}
