// !$*UTF8*$!
{
	archiveVersion = 1;
	classes = {
	};
	objectVersion = 46;
	objects = {

/* Begin PBXBuildFile section */
		220D699915DC248300CCC17C /* ECConfig.framework in CopyFiles */ = {isa = PBXBuildFile; fileRef = 2251BBAD15DC1B4E00F2FE40 /* ECConfig.framework */; };
		220D699A15DC248300CCC17C /* ECUnitTests.framework in CopyFiles */ = {isa = PBXBuildFile; fileRef = 2251BBA615DC18ED00F2FE40 /* ECUnitTests.framework */; };
		220D699C15DC50CE00CCC17C /* ECUnitTests.framework in Frameworks */ = {isa = PBXBuildFile; fileRef = 2251BBA615DC18ED00F2FE40 /* ECUnitTests.framework */; };
		220D699D15DC510900CCC17C /* ECLogging.framework in CopyFiles */ = {isa = PBXBuildFile; fileRef = 2251B9FF15DBCC3E00F2FE40 /* ECLogging.framework */; };
		2251BA0015DBCC3E00F2FE40 /* Cocoa.framework in Frameworks */ = {isa = PBXBuildFile; fileRef = 2283A3BB14F52E93009142F7 /* Cocoa.framework */; };
		2251BA1F15DBCC6C00F2FE40 /* ECASLClient.h in Headers */ = {isa = PBXBuildFile; fileRef = 2283A43B14F53BCC009142F7 /* ECASLClient.h */; settings = {ATTRIBUTES = (Public, ); }; };
		2251BA2015DBCC6C00F2FE40 /* ECASLClient.m in Sources */ = {isa = PBXBuildFile; fileRef = 2283A43C14F53BCC009142F7 /* ECASLClient.m */; };
		2251BA2115DBCC6C00F2FE40 /* ECAssertion.h in Headers */ = {isa = PBXBuildFile; fileRef = 2283A43D14F53BCC009142F7 /* ECAssertion.h */; settings = {ATTRIBUTES = (Public, ); }; };
		2251BA2215DBCC6C00F2FE40 /* ECAssertion.m in Sources */ = {isa = PBXBuildFile; fileRef = 2283A43E14F53BCC009142F7 /* ECAssertion.m */; };
		2251BA2315DBCC6C00F2FE40 /* ECErrorAndMessage.h in Headers */ = {isa = PBXBuildFile; fileRef = 22F2CA6615348A5300F0A01D /* ECErrorAndMessage.h */; settings = {ATTRIBUTES = (Public, ); }; };
		2251BA2415DBCC6C00F2FE40 /* ECErrorAndMessage.m in Sources */ = {isa = PBXBuildFile; fileRef = 22F2CA6715348A5300F0A01D /* ECErrorAndMessage.m */; };
		2251BA2515DBCC6C00F2FE40 /* ECErrorReporter.h in Headers */ = {isa = PBXBuildFile; fileRef = 2283A43F14F53BCC009142F7 /* ECErrorReporter.h */; settings = {ATTRIBUTES = (Public, ); }; };
		2251BA2615DBCC6C00F2FE40 /* ECErrorReporter.m in Sources */ = {isa = PBXBuildFile; fileRef = 2283A44014F53BCC009142F7 /* ECErrorReporter.m */; };
		2251BA2715DBCC6C00F2FE40 /* ECLogChannel.h in Headers */ = {isa = PBXBuildFile; fileRef = 2283A44114F53BCC009142F7 /* ECLogChannel.h */; settings = {ATTRIBUTES = (Public, ); }; };
		2251BA2815DBCC6C00F2FE40 /* ECLogChannel.m in Sources */ = {isa = PBXBuildFile; fileRef = 2283A44214F53BCC009142F7 /* ECLogChannel.m */; };
		2251BA2915DBCC6C00F2FE40 /* ECLogContext.h in Headers */ = {isa = PBXBuildFile; fileRef = 2283A44314F53BCC009142F7 /* ECLogContext.h */; settings = {ATTRIBUTES = (Public, ); }; };
		2251BA2A15DBCC6C00F2FE40 /* ECLogging.h in Headers */ = {isa = PBXBuildFile; fileRef = 2283A44414F53BCC009142F7 /* ECLogging.h */; settings = {ATTRIBUTES = (Public, ); }; };
		2251BA2B15DBCC6C00F2FE40 /* ECLogging.m in Sources */ = {isa = PBXBuildFile; fileRef = 2283A44514F53BCC009142F7 /* ECLogging.m */; };
		2251BA2C15DBCC6C00F2FE40 /* ECLogHandler.h in Headers */ = {isa = PBXBuildFile; fileRef = 2283A44614F53BCC009142F7 /* ECLogHandler.h */; settings = {ATTRIBUTES = (Public, ); }; };
		2251BA2D15DBCC6C00F2FE40 /* ECLogHandler.m in Sources */ = {isa = PBXBuildFile; fileRef = 2283A44714F53BCC009142F7 /* ECLogHandler.m */; };
		2251BA2E15DBCC6C00F2FE40 /* ECLogManager.h in Headers */ = {isa = PBXBuildFile; fileRef = 2283A44814F53BCC009142F7 /* ECLogManager.h */; settings = {ATTRIBUTES = (Public, ); }; };
		2251BA2F15DBCC6C00F2FE40 /* ECLogManager.m in Sources */ = {isa = PBXBuildFile; fileRef = 2283A44914F53BCC009142F7 /* ECLogManager.m */; };
		2251BA3015DBCC6C00F2FE40 /* NSString+ECLogging.h in Headers */ = {isa = PBXBuildFile; fileRef = 2283A4D214F53D31009142F7 /* NSString+ECLogging.h */; settings = {ATTRIBUTES = (Public, ); }; };
		2251BA3115DBCC6C00F2FE40 /* NSString+ECLogging.m in Sources */ = {isa = PBXBuildFile; fileRef = 2283A4D314F53D31009142F7 /* NSString+ECLogging.m */; };
		2251BA3215DBCC7300F2FE40 /* ECLogHandlerASL.h in Headers */ = {isa = PBXBuildFile; fileRef = 2283A44B14F53BCC009142F7 /* ECLogHandlerASL.h */; settings = {ATTRIBUTES = (Public, ); }; };
		2251BA3315DBCC7300F2FE40 /* ECLogHandlerASL.m in Sources */ = {isa = PBXBuildFile; fileRef = 2283A44C14F53BCC009142F7 /* ECLogHandlerASL.m */; };
		2251BA3415DBCC7300F2FE40 /* ECLogHandlerFile.h in Headers */ = {isa = PBXBuildFile; fileRef = 2283A44D14F53BCC009142F7 /* ECLogHandlerFile.h */; settings = {ATTRIBUTES = (Public, ); }; };
		2251BA3515DBCC7300F2FE40 /* ECLogHandlerFile.m in Sources */ = {isa = PBXBuildFile; fileRef = 2283A44E14F53BCC009142F7 /* ECLogHandlerFile.m */; };
		2251BA3615DBCC7300F2FE40 /* ECLogHandlerNSLog.h in Headers */ = {isa = PBXBuildFile; fileRef = 2283A44F14F53BCC009142F7 /* ECLogHandlerNSLog.h */; settings = {ATTRIBUTES = (Public, ); }; };
		2251BA3715DBCC7300F2FE40 /* ECLogHandlerNSLog.m in Sources */ = {isa = PBXBuildFile; fileRef = 2283A45014F53BCC009142F7 /* ECLogHandlerNSLog.m */; };
		2251BA3815DBCC7300F2FE40 /* ECLogHandlerStderr.h in Headers */ = {isa = PBXBuildFile; fileRef = 2283A45114F53BCC009142F7 /* ECLogHandlerStderr.h */; settings = {ATTRIBUTES = (Public, ); }; };
		2251BA3915DBCC7300F2FE40 /* ECLogHandlerStderr.m in Sources */ = {isa = PBXBuildFile; fileRef = 2283A45214F53BCC009142F7 /* ECLogHandlerStderr.m */; };
		2251BA3A15DBCC7300F2FE40 /* ECLogHandlerStdout.h in Headers */ = {isa = PBXBuildFile; fileRef = 2283A45314F53BCC009142F7 /* ECLogHandlerStdout.h */; settings = {ATTRIBUTES = (Public, ); }; };
		2251BA3B15DBCC7300F2FE40 /* ECLogHandlerStdout.m in Sources */ = {isa = PBXBuildFile; fileRef = 2283A45414F53BCC009142F7 /* ECLogHandlerStdout.m */; };
		2251BA3C15DBCC7B00F2FE40 /* ECErrorPresenterHandler.h in Headers */ = {isa = PBXBuildFile; fileRef = 22F2CA601534864400F0A01D /* ECErrorPresenterHandler.h */; settings = {ATTRIBUTES = (Public, ); }; };
		2251BA3D15DBCC7B00F2FE40 /* ECErrorPresenterHandler.m in Sources */ = {isa = PBXBuildFile; fileRef = 22F2CA611534864400F0A01D /* ECErrorPresenterHandler.m */; };
		2251BA3E15DBCC7B00F2FE40 /* ECLoggingMenu.h in Headers */ = {isa = PBXBuildFile; fileRef = 2283A46514F53BCC009142F7 /* ECLoggingMenu.h */; settings = {ATTRIBUTES = (Public, ); }; };
		2251BA3F15DBCC7B00F2FE40 /* ECLoggingMenu.m in Sources */ = {isa = PBXBuildFile; fileRef = 2283A46614F53BCC009142F7 /* ECLoggingMenu.m */; };
		2251BA4015DBCC7B00F2FE40 /* NSMenu+ECLogging.h in Headers */ = {isa = PBXBuildFile; fileRef = 2237ECD914F563D200085BF5 /* NSMenu+ECLogging.h */; settings = {ATTRIBUTES = (Public, ); }; };
		2251BA4115DBCC7B00F2FE40 /* NSMenu+ECLogging.m in Sources */ = {isa = PBXBuildFile; fileRef = 2237ECDA14F563D200085BF5 /* NSMenu+ECLogging.m */; };
		2251BA6215DBD93700F2FE40 /* BasicTests.m in Sources */ = {isa = PBXBuildFile; fileRef = 2251BA6115DBD93700F2FE40 /* BasicTests.m */; };
		2251BA6315DBD93700F2FE40 /* BasicTests.m in Sources */ = {isa = PBXBuildFile; fileRef = 2251BA6115DBD93700F2FE40 /* BasicTests.m */; };
		2251BA6415DBD9A600F2FE40 /* ECLogging.framework in Frameworks */ = {isa = PBXBuildFile; fileRef = 2251B9FF15DBCC3E00F2FE40 /* ECLogging.framework */; };
		2251BA7115DBDB6F00F2FE40 /* ECLogging.framework in Frameworks */ = {isa = PBXBuildFile; fileRef = 2251B9FF15DBCC3E00F2FE40 /* ECLogging.framework */; };
		2251BA7B15DBDC2B00F2FE40 /* ECASLClient.h in Headers */ = {isa = PBXBuildFile; fileRef = 2283A43B14F53BCC009142F7 /* ECASLClient.h */; settings = {ATTRIBUTES = (Public, ); }; };
		2251BA7C15DBDC2B00F2FE40 /* ECASLClient.m in Sources */ = {isa = PBXBuildFile; fileRef = 2283A43C14F53BCC009142F7 /* ECASLClient.m */; };
		2251BA7D15DBDC2B00F2FE40 /* ECAssertion.h in Headers */ = {isa = PBXBuildFile; fileRef = 2283A43D14F53BCC009142F7 /* ECAssertion.h */; settings = {ATTRIBUTES = (Public, ); }; };
		2251BA7E15DBDC2B00F2FE40 /* ECAssertion.m in Sources */ = {isa = PBXBuildFile; fileRef = 2283A43E14F53BCC009142F7 /* ECAssertion.m */; };
		2251BA7F15DBDC2B00F2FE40 /* ECErrorAndMessage.h in Headers */ = {isa = PBXBuildFile; fileRef = 22F2CA6615348A5300F0A01D /* ECErrorAndMessage.h */; settings = {ATTRIBUTES = (Public, ); }; };
		2251BA8015DBDC2B00F2FE40 /* ECErrorAndMessage.m in Sources */ = {isa = PBXBuildFile; fileRef = 22F2CA6715348A5300F0A01D /* ECErrorAndMessage.m */; };
		2251BA8115DBDC2B00F2FE40 /* ECErrorReporter.h in Headers */ = {isa = PBXBuildFile; fileRef = 2283A43F14F53BCC009142F7 /* ECErrorReporter.h */; settings = {ATTRIBUTES = (Public, ); }; };
		2251BA8215DBDC2B00F2FE40 /* ECErrorReporter.m in Sources */ = {isa = PBXBuildFile; fileRef = 2283A44014F53BCC009142F7 /* ECErrorReporter.m */; };
		2251BA8315DBDC2B00F2FE40 /* ECLogChannel.h in Headers */ = {isa = PBXBuildFile; fileRef = 2283A44114F53BCC009142F7 /* ECLogChannel.h */; settings = {ATTRIBUTES = (Public, ); }; };
		2251BA8415DBDC2B00F2FE40 /* ECLogChannel.m in Sources */ = {isa = PBXBuildFile; fileRef = 2283A44214F53BCC009142F7 /* ECLogChannel.m */; };
		2251BA8515DBDC2B00F2FE40 /* ECLogContext.h in Headers */ = {isa = PBXBuildFile; fileRef = 2283A44314F53BCC009142F7 /* ECLogContext.h */; settings = {ATTRIBUTES = (Public, ); }; };
		2251BA8615DBDC2B00F2FE40 /* ECLogging.h in Headers */ = {isa = PBXBuildFile; fileRef = 2283A44414F53BCC009142F7 /* ECLogging.h */; settings = {ATTRIBUTES = (Public, ); }; };
		2251BA8715DBDC2B00F2FE40 /* ECLogging.m in Sources */ = {isa = PBXBuildFile; fileRef = 2283A44514F53BCC009142F7 /* ECLogging.m */; };
		2251BA8815DBDC2B00F2FE40 /* ECLogHandler.h in Headers */ = {isa = PBXBuildFile; fileRef = 2283A44614F53BCC009142F7 /* ECLogHandler.h */; settings = {ATTRIBUTES = (Public, ); }; };
		2251BA8915DBDC2B00F2FE40 /* ECLogHandler.m in Sources */ = {isa = PBXBuildFile; fileRef = 2283A44714F53BCC009142F7 /* ECLogHandler.m */; };
		2251BA8A15DBDC2B00F2FE40 /* ECLogManager.h in Headers */ = {isa = PBXBuildFile; fileRef = 2283A44814F53BCC009142F7 /* ECLogManager.h */; settings = {ATTRIBUTES = (Public, ); }; };
		2251BA8B15DBDC2B00F2FE40 /* ECLogManager.m in Sources */ = {isa = PBXBuildFile; fileRef = 2283A44914F53BCC009142F7 /* ECLogManager.m */; };
		2251BA8C15DBDC2B00F2FE40 /* NSString+ECLogging.h in Headers */ = {isa = PBXBuildFile; fileRef = 2283A4D214F53D31009142F7 /* NSString+ECLogging.h */; settings = {ATTRIBUTES = (Public, ); }; };
		2251BA8D15DBDC2B00F2FE40 /* NSString+ECLogging.m in Sources */ = {isa = PBXBuildFile; fileRef = 2283A4D314F53D31009142F7 /* NSString+ECLogging.m */; };
		2251BA8E15DBDC3600F2FE40 /* ECLogHandlerASL.h in Headers */ = {isa = PBXBuildFile; fileRef = 2283A44B14F53BCC009142F7 /* ECLogHandlerASL.h */; settings = {ATTRIBUTES = (Public, ); }; };
		2251BA8F15DBDC3600F2FE40 /* ECLogHandlerASL.m in Sources */ = {isa = PBXBuildFile; fileRef = 2283A44C14F53BCC009142F7 /* ECLogHandlerASL.m */; };
		2251BA9015DBDC3600F2FE40 /* ECLogHandlerFile.h in Headers */ = {isa = PBXBuildFile; fileRef = 2283A44D14F53BCC009142F7 /* ECLogHandlerFile.h */; settings = {ATTRIBUTES = (Public, ); }; };
		2251BA9115DBDC3600F2FE40 /* ECLogHandlerFile.m in Sources */ = {isa = PBXBuildFile; fileRef = 2283A44E14F53BCC009142F7 /* ECLogHandlerFile.m */; };
		2251BA9215DBDC3600F2FE40 /* ECLogHandlerNSLog.h in Headers */ = {isa = PBXBuildFile; fileRef = 2283A44F14F53BCC009142F7 /* ECLogHandlerNSLog.h */; settings = {ATTRIBUTES = (Public, ); }; };
		2251BA9315DBDC3600F2FE40 /* ECLogHandlerNSLog.m in Sources */ = {isa = PBXBuildFile; fileRef = 2283A45014F53BCC009142F7 /* ECLogHandlerNSLog.m */; };
		2251BA9415DBDC3600F2FE40 /* ECLogHandlerStderr.h in Headers */ = {isa = PBXBuildFile; fileRef = 2283A45114F53BCC009142F7 /* ECLogHandlerStderr.h */; settings = {ATTRIBUTES = (Public, ); }; };
		2251BA9515DBDC3600F2FE40 /* ECLogHandlerStderr.m in Sources */ = {isa = PBXBuildFile; fileRef = 2283A45214F53BCC009142F7 /* ECLogHandlerStderr.m */; };
		2251BA9615DBDC3600F2FE40 /* ECLogHandlerStdout.h in Headers */ = {isa = PBXBuildFile; fileRef = 2283A45314F53BCC009142F7 /* ECLogHandlerStdout.h */; settings = {ATTRIBUTES = (Public, ); }; };
		2251BA9715DBDC3600F2FE40 /* ECLogHandlerStdout.m in Sources */ = {isa = PBXBuildFile; fileRef = 2283A45414F53BCC009142F7 /* ECLogHandlerStdout.m */; };
		2251BA9815DBDC3F00F2FE40 /* ECDebugChannelsViewController.h in Headers */ = {isa = PBXBuildFile; fileRef = 2283A45614F53BCC009142F7 /* ECDebugChannelsViewController.h */; settings = {ATTRIBUTES = (Public, ); }; };
		2251BA9915DBDC3F00F2FE40 /* ECDebugChannelsViewController.m in Sources */ = {isa = PBXBuildFile; fileRef = 2283A45714F53BCC009142F7 /* ECDebugChannelsViewController.m */; };
		2251BA9A15DBDC3F00F2FE40 /* ECDebugChannelViewController.h in Headers */ = {isa = PBXBuildFile; fileRef = 2283A45814F53BCC009142F7 /* ECDebugChannelViewController.h */; settings = {ATTRIBUTES = (Public, ); }; };
		2251BA9B15DBDC3F00F2FE40 /* ECDebugChannelViewController.m in Sources */ = {isa = PBXBuildFile; fileRef = 2283A45914F53BCC009142F7 /* ECDebugChannelViewController.m */; };
		2251BA9C15DBDC3F00F2FE40 /* ECDebugViewController.h in Headers */ = {isa = PBXBuildFile; fileRef = 2283A45A14F53BCC009142F7 /* ECDebugViewController.h */; settings = {ATTRIBUTES = (Public, ); }; };
		2251BA9D15DBDC3F00F2FE40 /* ECDebugViewController.m in Sources */ = {isa = PBXBuildFile; fileRef = 2283A45B14F53BCC009142F7 /* ECDebugViewController.m */; };
		2251BA9E15DBDC3F00F2FE40 /* ECDebugViewPopoverController.h in Headers */ = {isa = PBXBuildFile; fileRef = 2283A45C14F53BCC009142F7 /* ECDebugViewPopoverController.h */; settings = {ATTRIBUTES = (Public, ); }; };
		2251BA9F15DBDC3F00F2FE40 /* ECDebugViewPopoverController.m in Sources */ = {isa = PBXBuildFile; fileRef = 2283A45D14F53BCC009142F7 /* ECDebugViewPopoverController.m */; };
		2251BAA015DBDC3F00F2FE40 /* ECLogViewController.h in Headers */ = {isa = PBXBuildFile; fileRef = 2283A45E14F53BCC009142F7 /* ECLogViewController.h */; settings = {ATTRIBUTES = (Public, ); }; };
		2251BAA115DBDC3F00F2FE40 /* ECLogViewController.m in Sources */ = {isa = PBXBuildFile; fileRef = 2283A45F14F53BCC009142F7 /* ECLogViewController.m */; };
		2251BAA215DBDC3F00F2FE40 /* ECLogViewHandler.h in Headers */ = {isa = PBXBuildFile; fileRef = 2283A46014F53BCC009142F7 /* ECLogViewHandler.h */; settings = {ATTRIBUTES = (Public, ); }; };
		2251BAA315DBDC3F00F2FE40 /* ECLogViewHandler.m in Sources */ = {isa = PBXBuildFile; fileRef = 2283A46114F53BCC009142F7 /* ECLogViewHandler.m */; };
		2251BAA415DBDC3F00F2FE40 /* ECLogViewHandlerItem.h in Headers */ = {isa = PBXBuildFile; fileRef = 2283A46214F53BCC009142F7 /* ECLogViewHandlerItem.h */; settings = {ATTRIBUTES = (Public, ); }; };
		2251BAA515DBDC3F00F2FE40 /* ECLogViewHandlerItem.m in Sources */ = {isa = PBXBuildFile; fileRef = 2283A46314F53BCC009142F7 /* ECLogViewHandlerItem.m */; };
		2251BAE415DBEA2D00F2FE40 /* ECLoggingMacros.h in Headers */ = {isa = PBXBuildFile; fileRef = 2251BAE315DBEA2C00F2FE40 /* ECLoggingMacros.h */; settings = {ATTRIBUTES = (Public, ); }; };
		2251BAE515DBEA2D00F2FE40 /* ECLoggingMacros.h in Headers */ = {isa = PBXBuildFile; fileRef = 2251BAE315DBEA2C00F2FE40 /* ECLoggingMacros.h */; settings = {ATTRIBUTES = (Public, ); }; };
		2268499E14F5720600B8691A /* SenTestingKit.framework in Frameworks */ = {isa = PBXBuildFile; fileRef = 2283A3CD14F52E93009142F7 /* SenTestingKit.framework */; };
		2268499F14F5722300B8691A /* Cocoa.framework in Frameworks */ = {isa = PBXBuildFile; fileRef = 2283A3BB14F52E93009142F7 /* Cocoa.framework */; };
		2274B38E14F56896003B8A0B /* SenTestingKit.framework in Frameworks */ = {isa = PBXBuildFile; fileRef = 2283A3CD14F52E93009142F7 /* SenTestingKit.framework */; };
		2274B39014F56896003B8A0B /* UIKit.framework in Frameworks */ = {isa = PBXBuildFile; fileRef = 2274B38F14F56896003B8A0B /* UIKit.framework */; };
		2274B39114F56896003B8A0B /* Foundation.framework in Frameworks */ = {isa = PBXBuildFile; fileRef = 2237ECE314F5644C00085BF5 /* Foundation.framework */; };
/* End PBXBuildFile section */

/* Begin PBXCopyFilesBuildPhase section */
		2251BBA015DC183000F2FE40 /* CopyFiles */ = {
			isa = PBXCopyFilesBuildPhase;
			buildActionMask = 2147483647;
			dstPath = "";
			dstSubfolderSpec = 10;
			files = (
				220D699D15DC510900CCC17C /* ECLogging.framework in CopyFiles */,
				220D699915DC248300CCC17C /* ECConfig.framework in CopyFiles */,
				220D699A15DC248300CCC17C /* ECUnitTests.framework in CopyFiles */,
			);
			runOnlyForDeploymentPostprocessing = 0;
		};
/* End PBXCopyFilesBuildPhase section */

/* Begin PBXFileReference section */
		0867D69BFE84028FC02AAC07 /* Foundation.framework */ = {isa = PBXFileReference; lastKnownFileType = wrapper.framework; name = Foundation.framework; path = /System/Library/Frameworks/Foundation.framework; sourceTree = "<absolute>"; };
		1058C7B1FEA5585E11CA2CBB /* Cocoa.framework */ = {isa = PBXFileReference; lastKnownFileType = wrapper.framework; name = Cocoa.framework; path = /System/Library/Frameworks/Cocoa.framework; sourceTree = "<absolute>"; };
		2229674F1354EDC5005F42E7 /* CoreFoundation.framework */ = {isa = PBXFileReference; lastKnownFileType = wrapper.framework; name = CoreFoundation.framework; path = System/Library/Frameworks/CoreFoundation.framework; sourceTree = SDKROOT; };
		2237ECD914F563D200085BF5 /* NSMenu+ECLogging.h */ = {isa = PBXFileReference; fileEncoding = 4; lastKnownFileType = sourcecode.c.h; path = "NSMenu+ECLogging.h"; sourceTree = "<group>"; };
		2237ECDA14F563D200085BF5 /* NSMenu+ECLogging.m */ = {isa = PBXFileReference; fileEncoding = 4; lastKnownFileType = sourcecode.c.objc; path = "NSMenu+ECLogging.m"; sourceTree = "<group>"; };
		2237ECE314F5644C00085BF5 /* Foundation.framework */ = {isa = PBXFileReference; lastKnownFileType = wrapper.framework; name = Foundation.framework; path = System/Library/Frameworks/Foundation.framework; sourceTree = SDKROOT; };
		223CBAE61205C6380008A641 /* Foundation.framework */ = {isa = PBXFileReference; lastKnownFileType = wrapper.framework; name = Foundation.framework; path = System/Library/Frameworks/Foundation.framework; sourceTree = SDKROOT; };
		2251B9FF15DBCC3E00F2FE40 /* ECLogging.framework */ = {isa = PBXFileReference; explicitFileType = wrapper.framework; includeInIndex = 0; path = ECLogging.framework; sourceTree = BUILT_PRODUCTS_DIR; };
		2251BA1215DBCC4A00F2FE40 /* ECLogging.framework */ = {isa = PBXFileReference; explicitFileType = wrapper.cfbundle; includeInIndex = 0; path = ECLogging.framework; sourceTree = BUILT_PRODUCTS_DIR; };
		2251BA1315DBCC4A00F2FE40 /* CoreFoundation.framework */ = {isa = PBXFileReference; lastKnownFileType = wrapper.framework; name = CoreFoundation.framework; path = System/Library/Frameworks/CoreFoundation.framework; sourceTree = SDKROOT; };
		2251BA4315DBCD3900F2FE40 /* IOSDebug.xcconfig */ = {isa = PBXFileReference; lastKnownFileType = text.xcconfig; path = IOSDebug.xcconfig; sourceTree = "<group>"; };
		2251BA4415DBCD3900F2FE40 /* IOSRelease.xcconfig */ = {isa = PBXFileReference; lastKnownFileType = text.xcconfig; path = IOSRelease.xcconfig; sourceTree = "<group>"; };
		2251BA4515DBCD3900F2FE40 /* MacDebug.xcconfig */ = {isa = PBXFileReference; lastKnownFileType = text.xcconfig; path = MacDebug.xcconfig; sourceTree = "<group>"; };
		2251BA4615DBCD3900F2FE40 /* MacRelease.xcconfig */ = {isa = PBXFileReference; lastKnownFileType = text.xcconfig; path = MacRelease.xcconfig; sourceTree = "<group>"; };
		2251BA5C15DBD68500F2FE40 /* IOSUnitTestDebug.xcconfig */ = {isa = PBXFileReference; lastKnownFileType = text.xcconfig; path = IOSUnitTestDebug.xcconfig; sourceTree = "<group>"; };
		2251BA5D15DBD68500F2FE40 /* IOSUnitTestRelease.xcconfig */ = {isa = PBXFileReference; lastKnownFileType = text.xcconfig; path = IOSUnitTestRelease.xcconfig; sourceTree = "<group>"; };
		2251BA5E15DBD68500F2FE40 /* MacUnitTestDebug.xcconfig */ = {isa = PBXFileReference; lastKnownFileType = text.xcconfig; path = MacUnitTestDebug.xcconfig; sourceTree = "<group>"; };
		2251BA5F15DBD68500F2FE40 /* MacUnitTestRelease.xcconfig */ = {isa = PBXFileReference; lastKnownFileType = text.xcconfig; path = MacUnitTestRelease.xcconfig; sourceTree = "<group>"; };
		2251BA6115DBD93700F2FE40 /* BasicTests.m */ = {isa = PBXFileReference; fileEncoding = 4; lastKnownFileType = sourcecode.c.objc; path = BasicTests.m; sourceTree = "<group>"; };
		2251BA6C15DBDA5100F2FE40 /* Info.plist */ = {isa = PBXFileReference; fileEncoding = 4; lastKnownFileType = text.plist.xml; path = Info.plist; sourceTree = "<group>"; };
		2251BAE315DBEA2C00F2FE40 /* ECLoggingMacros.h */ = {isa = PBXFileReference; fileEncoding = 4; lastKnownFileType = sourcecode.c.h; path = ECLoggingMacros.h; sourceTree = "<group>"; };
		2251BBA615DC18ED00F2FE40 /* ECUnitTests.framework */ = {isa = PBXFileReference; lastKnownFileType = wrapper.framework; path = ECUnitTests.framework; sourceTree = BUILT_PRODUCTS_DIR; };
		2251BBAD15DC1B4E00F2FE40 /* ECConfig.framework */ = {isa = PBXFileReference; lastKnownFileType = wrapper.framework; path = ECConfig.framework; sourceTree = BUILT_PRODUCTS_DIR; };
		22552BC7134B9E5300B8894E /* UIKit.framework */ = {isa = PBXFileReference; lastKnownFileType = wrapper.framework; name = UIKit.framework; path = System/Library/Frameworks/UIKit.framework; sourceTree = SDKROOT; };
		22552BC9134B9E5300B8894E /* Foundation.framework */ = {isa = PBXFileReference; lastKnownFileType = wrapper.framework; name = Foundation.framework; path = System/Library/Frameworks/Foundation.framework; sourceTree = SDKROOT; };
		22552BCB134B9E5300B8894E /* CoreGraphics.framework */ = {isa = PBXFileReference; lastKnownFileType = wrapper.framework; name = CoreGraphics.framework; path = System/Library/Frameworks/CoreGraphics.framework; sourceTree = SDKROOT; };
		22552BE6134BA0C900B8894E /* CoreLocation.framework */ = {isa = PBXFileReference; lastKnownFileType = wrapper.framework; name = CoreLocation.framework; path = Platforms/iPhoneOS.platform/Developer/SDKs/iPhoneOS4.3.sdk/System/Library/Frameworks/CoreLocation.framework; sourceTree = DEVELOPER_DIR; };
		22552C12134BA18A00B8894E /* CoreLocation.framework */ = {isa = PBXFileReference; lastKnownFileType = wrapper.framework; name = CoreLocation.framework; path = SDKs/MacOSX10.6.sdk/System/Library/Frameworks/CoreLocation.framework; sourceTree = DEVELOPER_DIR; };
		225EC67211EBAA4800A97AEA /* ECLoggingMacTests.octest */ = {isa = PBXFileReference; explicitFileType = wrapper.cfbundle; includeInIndex = 0; path = ECLoggingMacTests.octest; sourceTree = BUILT_PRODUCTS_DIR; };
		22602234141F8A160044644C /* Carbon.framework */ = {isa = PBXFileReference; lastKnownFileType = wrapper.framework; name = Carbon.framework; path = SDKs/MacOSX10.7.sdk/System/Library/Frameworks/Carbon.framework; sourceTree = DEVELOPER_DIR; };
		22602236141F8A230044644C /* IOKit.framework */ = {isa = PBXFileReference; lastKnownFileType = wrapper.framework; name = IOKit.framework; path = SDKs/MacOSX10.7.sdk/System/Library/Frameworks/IOKit.framework; sourceTree = DEVELOPER_DIR; };
		22602238141F8A460044644C /* Security.framework */ = {isa = PBXFileReference; lastKnownFileType = wrapper.framework; name = Security.framework; path = SDKs/MacOSX10.7.sdk/System/Library/Frameworks/Security.framework; sourceTree = DEVELOPER_DIR; };
		2260223A141F8A4E0044644C /* libcrypto.dylib */ = {isa = PBXFileReference; lastKnownFileType = "compiled.mach-o.dylib"; name = libcrypto.dylib; path = SDKs/MacOSX10.7.sdk/usr/lib/libcrypto.dylib; sourceTree = DEVELOPER_DIR; };
		227333B811EBBA3000695FB4 /* GHUnit.framework */ = {isa = PBXFileReference; lastKnownFileType = wrapper.framework; name = GHUnit.framework; path = Library/Frameworks/GHUnit.framework; sourceTree = SDKROOT; };
		2274B37814F56679003B8A0B /* ECLoggingTests.plist */ = {isa = PBXFileReference; fileEncoding = 4; lastKnownFileType = text.plist.xml; path = ECLoggingTests.plist; sourceTree = "<group>"; };
		2274B38D14F56896003B8A0B /* ECLoggingIOSTests.octest */ = {isa = PBXFileReference; explicitFileType = wrapper.cfbundle; includeInIndex = 0; path = ECLoggingIOSTests.octest; sourceTree = BUILT_PRODUCTS_DIR; };
		2274B38F14F56896003B8A0B /* UIKit.framework */ = {isa = PBXFileReference; lastKnownFileType = wrapper.framework; name = UIKit.framework; path = Library/Frameworks/UIKit.framework; sourceTree = DEVELOPER_DIR; };
		2283A3BB14F52E93009142F7 /* Cocoa.framework */ = {isa = PBXFileReference; lastKnownFileType = wrapper.framework; name = Cocoa.framework; path = System/Library/Frameworks/Cocoa.framework; sourceTree = SDKROOT; };
		2283A3BE14F52E93009142F7 /* AppKit.framework */ = {isa = PBXFileReference; lastKnownFileType = wrapper.framework; name = AppKit.framework; path = System/Library/Frameworks/AppKit.framework; sourceTree = SDKROOT; };
		2283A3BF14F52E93009142F7 /* CoreData.framework */ = {isa = PBXFileReference; lastKnownFileType = wrapper.framework; name = CoreData.framework; path = System/Library/Frameworks/CoreData.framework; sourceTree = SDKROOT; };
		2283A3C014F52E93009142F7 /* Foundation.framework */ = {isa = PBXFileReference; lastKnownFileType = wrapper.framework; name = Foundation.framework; path = System/Library/Frameworks/Foundation.framework; sourceTree = SDKROOT; };
		2283A3CD14F52E93009142F7 /* SenTestingKit.framework */ = {isa = PBXFileReference; lastKnownFileType = wrapper.framework; name = SenTestingKit.framework; path = Library/Frameworks/SenTestingKit.framework; sourceTree = DEVELOPER_DIR; };
		2283A43B14F53BCC009142F7 /* ECASLClient.h */ = {isa = PBXFileReference; fileEncoding = 4; lastKnownFileType = sourcecode.c.h; path = ECASLClient.h; sourceTree = "<group>"; };
		2283A43C14F53BCC009142F7 /* ECASLClient.m */ = {isa = PBXFileReference; fileEncoding = 4; lastKnownFileType = sourcecode.c.objc; path = ECASLClient.m; sourceTree = "<group>"; };
		2283A43D14F53BCC009142F7 /* ECAssertion.h */ = {isa = PBXFileReference; fileEncoding = 4; lastKnownFileType = sourcecode.c.h; path = ECAssertion.h; sourceTree = "<group>"; };
		2283A43E14F53BCC009142F7 /* ECAssertion.m */ = {isa = PBXFileReference; fileEncoding = 4; lastKnownFileType = sourcecode.c.objc; path = ECAssertion.m; sourceTree = "<group>"; };
		2283A43F14F53BCC009142F7 /* ECErrorReporter.h */ = {isa = PBXFileReference; fileEncoding = 4; lastKnownFileType = sourcecode.c.h; path = ECErrorReporter.h; sourceTree = "<group>"; };
		2283A44014F53BCC009142F7 /* ECErrorReporter.m */ = {isa = PBXFileReference; fileEncoding = 4; lastKnownFileType = sourcecode.c.objc; path = ECErrorReporter.m; sourceTree = "<group>"; };
		2283A44114F53BCC009142F7 /* ECLogChannel.h */ = {isa = PBXFileReference; fileEncoding = 4; lastKnownFileType = sourcecode.c.h; path = ECLogChannel.h; sourceTree = "<group>"; };
		2283A44214F53BCC009142F7 /* ECLogChannel.m */ = {isa = PBXFileReference; fileEncoding = 4; lastKnownFileType = sourcecode.c.objc; path = ECLogChannel.m; sourceTree = "<group>"; };
		2283A44314F53BCC009142F7 /* ECLogContext.h */ = {isa = PBXFileReference; fileEncoding = 4; lastKnownFileType = sourcecode.c.h; path = ECLogContext.h; sourceTree = "<group>"; };
		2283A44414F53BCC009142F7 /* ECLogging.h */ = {isa = PBXFileReference; fileEncoding = 4; lastKnownFileType = sourcecode.c.h; path = ECLogging.h; sourceTree = "<group>"; };
		2283A44514F53BCC009142F7 /* ECLogging.m */ = {isa = PBXFileReference; fileEncoding = 4; lastKnownFileType = sourcecode.c.objc; path = ECLogging.m; sourceTree = "<group>"; };
		2283A44614F53BCC009142F7 /* ECLogHandler.h */ = {isa = PBXFileReference; fileEncoding = 4; lastKnownFileType = sourcecode.c.h; path = ECLogHandler.h; sourceTree = "<group>"; };
		2283A44714F53BCC009142F7 /* ECLogHandler.m */ = {isa = PBXFileReference; fileEncoding = 4; lastKnownFileType = sourcecode.c.objc; path = ECLogHandler.m; sourceTree = "<group>"; };
		2283A44814F53BCC009142F7 /* ECLogManager.h */ = {isa = PBXFileReference; fileEncoding = 4; lastKnownFileType = sourcecode.c.h; path = ECLogManager.h; sourceTree = "<group>"; };
		2283A44914F53BCC009142F7 /* ECLogManager.m */ = {isa = PBXFileReference; fileEncoding = 4; lastKnownFileType = sourcecode.c.objc; path = ECLogManager.m; sourceTree = "<group>"; };
		2283A44B14F53BCC009142F7 /* ECLogHandlerASL.h */ = {isa = PBXFileReference; fileEncoding = 4; lastKnownFileType = sourcecode.c.h; path = ECLogHandlerASL.h; sourceTree = "<group>"; };
		2283A44C14F53BCC009142F7 /* ECLogHandlerASL.m */ = {isa = PBXFileReference; fileEncoding = 4; lastKnownFileType = sourcecode.c.objc; path = ECLogHandlerASL.m; sourceTree = "<group>"; };
		2283A44D14F53BCC009142F7 /* ECLogHandlerFile.h */ = {isa = PBXFileReference; fileEncoding = 4; lastKnownFileType = sourcecode.c.h; path = ECLogHandlerFile.h; sourceTree = "<group>"; };
		2283A44E14F53BCC009142F7 /* ECLogHandlerFile.m */ = {isa = PBXFileReference; fileEncoding = 4; lastKnownFileType = sourcecode.c.objc; path = ECLogHandlerFile.m; sourceTree = "<group>"; };
		2283A44F14F53BCC009142F7 /* ECLogHandlerNSLog.h */ = {isa = PBXFileReference; fileEncoding = 4; lastKnownFileType = sourcecode.c.h; path = ECLogHandlerNSLog.h; sourceTree = "<group>"; };
		2283A45014F53BCC009142F7 /* ECLogHandlerNSLog.m */ = {isa = PBXFileReference; fileEncoding = 4; lastKnownFileType = sourcecode.c.objc; path = ECLogHandlerNSLog.m; sourceTree = "<group>"; };
		2283A45114F53BCC009142F7 /* ECLogHandlerStderr.h */ = {isa = PBXFileReference; fileEncoding = 4; lastKnownFileType = sourcecode.c.h; path = ECLogHandlerStderr.h; sourceTree = "<group>"; };
		2283A45214F53BCC009142F7 /* ECLogHandlerStderr.m */ = {isa = PBXFileReference; fileEncoding = 4; lastKnownFileType = sourcecode.c.objc; path = ECLogHandlerStderr.m; sourceTree = "<group>"; };
		2283A45314F53BCC009142F7 /* ECLogHandlerStdout.h */ = {isa = PBXFileReference; fileEncoding = 4; lastKnownFileType = sourcecode.c.h; path = ECLogHandlerStdout.h; sourceTree = "<group>"; };
		2283A45414F53BCC009142F7 /* ECLogHandlerStdout.m */ = {isa = PBXFileReference; fileEncoding = 4; lastKnownFileType = sourcecode.c.objc; path = ECLogHandlerStdout.m; sourceTree = "<group>"; };
		2283A45614F53BCC009142F7 /* ECDebugChannelsViewController.h */ = {isa = PBXFileReference; fileEncoding = 4; lastKnownFileType = sourcecode.c.h; path = ECDebugChannelsViewController.h; sourceTree = "<group>"; };
		2283A45714F53BCC009142F7 /* ECDebugChannelsViewController.m */ = {isa = PBXFileReference; fileEncoding = 4; lastKnownFileType = sourcecode.c.objc; path = ECDebugChannelsViewController.m; sourceTree = "<group>"; };
		2283A45814F53BCC009142F7 /* ECDebugChannelViewController.h */ = {isa = PBXFileReference; fileEncoding = 4; lastKnownFileType = sourcecode.c.h; path = ECDebugChannelViewController.h; sourceTree = "<group>"; };
		2283A45914F53BCC009142F7 /* ECDebugChannelViewController.m */ = {isa = PBXFileReference; fileEncoding = 4; lastKnownFileType = sourcecode.c.objc; path = ECDebugChannelViewController.m; sourceTree = "<group>"; };
		2283A45A14F53BCC009142F7 /* ECDebugViewController.h */ = {isa = PBXFileReference; fileEncoding = 4; lastKnownFileType = sourcecode.c.h; path = ECDebugViewController.h; sourceTree = "<group>"; };
		2283A45B14F53BCC009142F7 /* ECDebugViewController.m */ = {isa = PBXFileReference; fileEncoding = 4; lastKnownFileType = sourcecode.c.objc; path = ECDebugViewController.m; sourceTree = "<group>"; };
		2283A45C14F53BCC009142F7 /* ECDebugViewPopoverController.h */ = {isa = PBXFileReference; fileEncoding = 4; lastKnownFileType = sourcecode.c.h; path = ECDebugViewPopoverController.h; sourceTree = "<group>"; };
		2283A45D14F53BCC009142F7 /* ECDebugViewPopoverController.m */ = {isa = PBXFileReference; fileEncoding = 4; lastKnownFileType = sourcecode.c.objc; path = ECDebugViewPopoverController.m; sourceTree = "<group>"; };
		2283A45E14F53BCC009142F7 /* ECLogViewController.h */ = {isa = PBXFileReference; fileEncoding = 4; lastKnownFileType = sourcecode.c.h; path = ECLogViewController.h; sourceTree = "<group>"; };
		2283A45F14F53BCC009142F7 /* ECLogViewController.m */ = {isa = PBXFileReference; fileEncoding = 4; lastKnownFileType = sourcecode.c.objc; path = ECLogViewController.m; sourceTree = "<group>"; };
		2283A46014F53BCC009142F7 /* ECLogViewHandler.h */ = {isa = PBXFileReference; fileEncoding = 4; lastKnownFileType = sourcecode.c.h; path = ECLogViewHandler.h; sourceTree = "<group>"; };
		2283A46114F53BCC009142F7 /* ECLogViewHandler.m */ = {isa = PBXFileReference; fileEncoding = 4; lastKnownFileType = sourcecode.c.objc; path = ECLogViewHandler.m; sourceTree = "<group>"; };
		2283A46214F53BCC009142F7 /* ECLogViewHandlerItem.h */ = {isa = PBXFileReference; fileEncoding = 4; lastKnownFileType = sourcecode.c.h; path = ECLogViewHandlerItem.h; sourceTree = "<group>"; };
		2283A46314F53BCC009142F7 /* ECLogViewHandlerItem.m */ = {isa = PBXFileReference; fileEncoding = 4; lastKnownFileType = sourcecode.c.objc; path = ECLogViewHandlerItem.m; sourceTree = "<group>"; };
		2283A46514F53BCC009142F7 /* ECLoggingMenu.h */ = {isa = PBXFileReference; fileEncoding = 4; lastKnownFileType = sourcecode.c.h; path = ECLoggingMenu.h; sourceTree = "<group>"; };
		2283A46614F53BCC009142F7 /* ECLoggingMenu.m */ = {isa = PBXFileReference; fileEncoding = 4; lastKnownFileType = sourcecode.c.objc; path = ECLoggingMenu.m; sourceTree = "<group>"; };
		2283A4CB14F53C6F009142F7 /* Shared.pch */ = {isa = PBXFileReference; fileEncoding = 4; lastKnownFileType = sourcecode.c.h; path = Shared.pch; sourceTree = "<group>"; };
		2283A4D214F53D31009142F7 /* NSString+ECLogging.h */ = {isa = PBXFileReference; fileEncoding = 4; lastKnownFileType = sourcecode.c.h; path = "NSString+ECLogging.h"; sourceTree = "<group>"; };
		2283A4D314F53D31009142F7 /* NSString+ECLogging.m */ = {isa = PBXFileReference; fileEncoding = 4; lastKnownFileType = sourcecode.c.objc; path = "NSString+ECLogging.m"; sourceTree = "<group>"; };
		22970D3C14F5AA80007B254B /* Debug.pch */ = {isa = PBXFileReference; fileEncoding = 4; lastKnownFileType = sourcecode.c.h; path = Debug.pch; sourceTree = "<group>"; };
		22970D3D14F5AA80007B254B /* Release.pch */ = {isa = PBXFileReference; fileEncoding = 4; lastKnownFileType = sourcecode.c.h; path = Release.pch; sourceTree = "<group>"; };
		22BE50B8149662D0007CC214 /* CoreText.framework */ = {isa = PBXFileReference; lastKnownFileType = wrapper.framework; name = CoreText.framework; path = Platforms/iPhoneOS.platform/Developer/SDKs/iPhoneOS5.1.sdk/System/Library/Frameworks/CoreText.framework; sourceTree = DEVELOPER_DIR; };
		22BE51331496BD00007CC214 /* CoreData.framework */ = {isa = PBXFileReference; lastKnownFileType = wrapper.framework; name = CoreData.framework; path = Platforms/iPhoneOS.platform/Developer/SDKs/iPhoneOS5.1.sdk/System/Library/Frameworks/CoreData.framework; sourceTree = DEVELOPER_DIR; };
		22BE51351496BD25007CC214 /* QuartzCore.framework */ = {isa = PBXFileReference; lastKnownFileType = wrapper.framework; name = QuartzCore.framework; path = Platforms/iPhoneOS.platform/Developer/SDKs/iPhoneOS5.1.sdk/System/Library/Frameworks/QuartzCore.framework; sourceTree = DEVELOPER_DIR; };
		22EC40A61358A0D1005C1F1A /* SystemConfiguration.framework */ = {isa = PBXFileReference; lastKnownFileType = wrapper.framework; name = SystemConfiguration.framework; path = SDKs/MacOSX10.6.sdk/System/Library/Frameworks/SystemConfiguration.framework; sourceTree = DEVELOPER_DIR; };
		22F2CA601534864400F0A01D /* ECErrorPresenterHandler.h */ = {isa = PBXFileReference; fileEncoding = 4; lastKnownFileType = sourcecode.c.h; path = ECErrorPresenterHandler.h; sourceTree = "<group>"; };
		22F2CA611534864400F0A01D /* ECErrorPresenterHandler.m */ = {isa = PBXFileReference; fileEncoding = 4; lastKnownFileType = sourcecode.c.objc; path = ECErrorPresenterHandler.m; sourceTree = "<group>"; };
		22F2CA6615348A5300F0A01D /* ECErrorAndMessage.h */ = {isa = PBXFileReference; fileEncoding = 4; lastKnownFileType = sourcecode.c.h; path = ECErrorAndMessage.h; sourceTree = "<group>"; };
		22F2CA6715348A5300F0A01D /* ECErrorAndMessage.m */ = {isa = PBXFileReference; fileEncoding = 4; lastKnownFileType = sourcecode.c.objc; path = ECErrorAndMessage.m; sourceTree = "<group>"; };
		22FAC46C132149E900103630 /* CoreLocation.framework */ = {isa = PBXFileReference; lastKnownFileType = wrapper.framework; name = CoreLocation.framework; path = SDKs/MacOSX10.6.sdk/System/Library/Frameworks/CoreLocation.framework; sourceTree = DEVELOPER_DIR; };
/* End PBXFileReference section */

/* Begin PBXFrameworksBuildPhase section */
		2251B9FB15DBCC3E00F2FE40 /* Frameworks */ = {
			isa = PBXFrameworksBuildPhase;
			buildActionMask = 2147483647;
			files = (
				2251BA0015DBCC3E00F2FE40 /* Cocoa.framework in Frameworks */,
			);
			runOnlyForDeploymentPostprocessing = 0;
		};
		2251BA0F15DBCC4A00F2FE40 /* Frameworks */ = {
			isa = PBXFrameworksBuildPhase;
			buildActionMask = 2147483647;
			files = (
			);
			runOnlyForDeploymentPostprocessing = 0;
		};
		225EC66F11EBAA4800A97AEA /* Frameworks */ = {
			isa = PBXFrameworksBuildPhase;
			buildActionMask = 2147483647;
			files = (
				220D699C15DC50CE00CCC17C /* ECUnitTests.framework in Frameworks */,
				2251BA6415DBD9A600F2FE40 /* ECLogging.framework in Frameworks */,
				2268499F14F5722300B8691A /* Cocoa.framework in Frameworks */,
				2268499E14F5720600B8691A /* SenTestingKit.framework in Frameworks */,
			);
			runOnlyForDeploymentPostprocessing = 0;
		};
		2274B38914F56896003B8A0B /* Frameworks */ = {
			isa = PBXFrameworksBuildPhase;
			buildActionMask = 2147483647;
			files = (
				2251BA7115DBDB6F00F2FE40 /* ECLogging.framework in Frameworks */,
				2274B38E14F56896003B8A0B /* SenTestingKit.framework in Frameworks */,
				2274B39014F56896003B8A0B /* UIKit.framework in Frameworks */,
				2274B39114F56896003B8A0B /* Foundation.framework in Frameworks */,
			);
			runOnlyForDeploymentPostprocessing = 0;
		};
/* End PBXFrameworksBuildPhase section */

/* Begin PBXGroup section */
		034768DFFF38A50411DB9C8B /* Products */ = {
			isa = PBXGroup;
			children = (
				225EC67211EBAA4800A97AEA /* ECLoggingMacTests.octest */,
				2274B38D14F56896003B8A0B /* ECLoggingIOSTests.octest */,
				2251B9FF15DBCC3E00F2FE40 /* ECLogging.framework */,
				2251BA1215DBCC4A00F2FE40 /* ECLogging.framework */,
			);
			name = Products;
			path = ../..;
			sourceTree = BUILT_PRODUCTS_DIR;
		};
		0867D691FE84028FC02AAC07 /* ECFoundation */ = {
			isa = PBXGroup;
			children = (
				22BBB10114F646D20086974D /* Source */,
				2274B37714F56679003B8A0B /* Resources */,
				0867D69AFE84028FC02AAC07 /* Frameworks */,
				034768DFFF38A50411DB9C8B /* Products */,
			);
			name = ECFoundation;
			sourceTree = "<group>";
			usesTabs = 1;
		};
		0867D69AFE84028FC02AAC07 /* Frameworks */ = {
			isa = PBXGroup;
			children = (
				2251BBAD15DC1B4E00F2FE40 /* ECConfig.framework */,
				2251BBA615DC18ED00F2FE40 /* ECUnitTests.framework */,
				223CBAE11205C5930008A641 /* iOS */,
				1058C7B0FEA5585E11CA2CBB /* MacOS */,
				1058C7B2FEA5585E11CA2CBB /* Testing */,
				2283A3BB14F52E93009142F7 /* Cocoa.framework */,
				2283A3CD14F52E93009142F7 /* SenTestingKit.framework */,
				2237ECE314F5644C00085BF5 /* Foundation.framework */,
				2274B38F14F56896003B8A0B /* UIKit.framework */,
				2251BA1315DBCC4A00F2FE40 /* CoreFoundation.framework */,
				2283A3BD14F52E93009142F7 /* Other Frameworks */,
			);
			name = Frameworks;
			sourceTree = "<group>";
		};
		1058C7B0FEA5585E11CA2CBB /* MacOS */ = {
			isa = PBXGroup;
			children = (
				2260223A141F8A4E0044644C /* libcrypto.dylib */,
				22602238141F8A460044644C /* Security.framework */,
				22602236141F8A230044644C /* IOKit.framework */,
				22602234141F8A160044644C /* Carbon.framework */,
				2229674F1354EDC5005F42E7 /* CoreFoundation.framework */,
				22EC40A61358A0D1005C1F1A /* SystemConfiguration.framework */,
				22552C12134BA18A00B8894E /* CoreLocation.framework */,
				22FAC46C132149E900103630 /* CoreLocation.framework */,
				0867D69BFE84028FC02AAC07 /* Foundation.framework */,
				1058C7B1FEA5585E11CA2CBB /* Cocoa.framework */,
			);
			name = MacOS;
			sourceTree = "<group>";
		};
		1058C7B2FEA5585E11CA2CBB /* Testing */ = {
			isa = PBXGroup;
			children = (
				227333B811EBBA3000695FB4 /* GHUnit.framework */,
			);
			name = Testing;
			sourceTree = "<group>";
		};
		223CBAE11205C5930008A641 /* iOS */ = {
			isa = PBXGroup;
			children = (
				22BE51351496BD25007CC214 /* QuartzCore.framework */,
				22BE51331496BD00007CC214 /* CoreData.framework */,
				22BE50B8149662D0007CC214 /* CoreText.framework */,
				22552BC7134B9E5300B8894E /* UIKit.framework */,
				22552BC9134B9E5300B8894E /* Foundation.framework */,
				22552BCB134B9E5300B8894E /* CoreGraphics.framework */,
				22552BE6134BA0C900B8894E /* CoreLocation.framework */,
				223CBAE61205C6380008A641 /* Foundation.framework */,
			);
			name = iOS;
			sourceTree = "<group>";
		};
		2251BA4215DBCD3900F2FE40 /* Configuration */ = {
			isa = PBXGroup;
			children = (
				2251BA4315DBCD3900F2FE40 /* IOSDebug.xcconfig */,
				2251BA4415DBCD3900F2FE40 /* IOSRelease.xcconfig */,
				2251BA4515DBCD3900F2FE40 /* MacDebug.xcconfig */,
				2251BA4615DBCD3900F2FE40 /* MacRelease.xcconfig */,
				2251BA5C15DBD68500F2FE40 /* IOSUnitTestDebug.xcconfig */,
				2251BA5D15DBD68500F2FE40 /* IOSUnitTestRelease.xcconfig */,
				2251BA5E15DBD68500F2FE40 /* MacUnitTestDebug.xcconfig */,
				2251BA5F15DBD68500F2FE40 /* MacUnitTestRelease.xcconfig */,
			);
			path = Configuration;
			sourceTree = "<group>";
		};
		2251BA6015DBD93700F2FE40 /* Tests */ = {
			isa = PBXGroup;
			children = (
				2251BA6115DBD93700F2FE40 /* BasicTests.m */,
			);
			path = Tests;
			sourceTree = "<group>";
		};
		2274B37714F56679003B8A0B /* Resources */ = {
			isa = PBXGroup;
			children = (
				2251BA6C15DBDA5100F2FE40 /* Info.plist */,
				2274B37814F56679003B8A0B /* ECLoggingTests.plist */,
			);
			path = Resources;
			sourceTree = "<group>";
		};
		2283A3BD14F52E93009142F7 /* Other Frameworks */ = {
			isa = PBXGroup;
			children = (
				2283A3BE14F52E93009142F7 /* AppKit.framework */,
				2283A3BF14F52E93009142F7 /* CoreData.framework */,
				2283A3C014F52E93009142F7 /* Foundation.framework */,
			);
			name = "Other Frameworks";
			sourceTree = "<group>";
		};
		2283A43A14F53BCC009142F7 /* Generic */ = {
			isa = PBXGroup;
			children = (
				2283A43B14F53BCC009142F7 /* ECASLClient.h */,
				2283A43C14F53BCC009142F7 /* ECASLClient.m */,
				2283A43D14F53BCC009142F7 /* ECAssertion.h */,
				2283A43E14F53BCC009142F7 /* ECAssertion.m */,
				22F2CA6615348A5300F0A01D /* ECErrorAndMessage.h */,
				22F2CA6715348A5300F0A01D /* ECErrorAndMessage.m */,
				2283A43F14F53BCC009142F7 /* ECErrorReporter.h */,
				2283A44014F53BCC009142F7 /* ECErrorReporter.m */,
				2283A44114F53BCC009142F7 /* ECLogChannel.h */,
				2283A44214F53BCC009142F7 /* ECLogChannel.m */,
				2283A44314F53BCC009142F7 /* ECLogContext.h */,
				2283A44414F53BCC009142F7 /* ECLogging.h */,
				2283A44514F53BCC009142F7 /* ECLogging.m */,
				2251BAE315DBEA2C00F2FE40 /* ECLoggingMacros.h */,
				2283A44614F53BCC009142F7 /* ECLogHandler.h */,
				2283A44714F53BCC009142F7 /* ECLogHandler.m */,
				2283A44814F53BCC009142F7 /* ECLogManager.h */,
				2283A44914F53BCC009142F7 /* ECLogManager.m */,
				2283A4D214F53D31009142F7 /* NSString+ECLogging.h */,
				2283A4D314F53D31009142F7 /* NSString+ECLogging.m */,
				2283A44A14F53BCC009142F7 /* Handlers */,
			);
			path = Generic;
			sourceTree = "<group>";
		};
		2283A44A14F53BCC009142F7 /* Handlers */ = {
			isa = PBXGroup;
			children = (
				2283A44B14F53BCC009142F7 /* ECLogHandlerASL.h */,
				2283A44C14F53BCC009142F7 /* ECLogHandlerASL.m */,
				2283A44D14F53BCC009142F7 /* ECLogHandlerFile.h */,
				2283A44E14F53BCC009142F7 /* ECLogHandlerFile.m */,
				2283A44F14F53BCC009142F7 /* ECLogHandlerNSLog.h */,
				2283A45014F53BCC009142F7 /* ECLogHandlerNSLog.m */,
				2283A45114F53BCC009142F7 /* ECLogHandlerStderr.h */,
				2283A45214F53BCC009142F7 /* ECLogHandlerStderr.m */,
				2283A45314F53BCC009142F7 /* ECLogHandlerStdout.h */,
				2283A45414F53BCC009142F7 /* ECLogHandlerStdout.m */,
			);
			path = Handlers;
			sourceTree = "<group>";
		};
		2283A45514F53BCC009142F7 /* iOS */ = {
			isa = PBXGroup;
			children = (
				2283A45614F53BCC009142F7 /* ECDebugChannelsViewController.h */,
				2283A45714F53BCC009142F7 /* ECDebugChannelsViewController.m */,
				2283A45814F53BCC009142F7 /* ECDebugChannelViewController.h */,
				2283A45914F53BCC009142F7 /* ECDebugChannelViewController.m */,
				2283A45A14F53BCC009142F7 /* ECDebugViewController.h */,
				2283A45B14F53BCC009142F7 /* ECDebugViewController.m */,
				2283A45C14F53BCC009142F7 /* ECDebugViewPopoverController.h */,
				2283A45D14F53BCC009142F7 /* ECDebugViewPopoverController.m */,
				2283A45E14F53BCC009142F7 /* ECLogViewController.h */,
				2283A45F14F53BCC009142F7 /* ECLogViewController.m */,
				2283A46014F53BCC009142F7 /* ECLogViewHandler.h */,
				2283A46114F53BCC009142F7 /* ECLogViewHandler.m */,
				2283A46214F53BCC009142F7 /* ECLogViewHandlerItem.h */,
				2283A46314F53BCC009142F7 /* ECLogViewHandlerItem.m */,
			);
			path = iOS;
			sourceTree = "<group>";
		};
		2283A46414F53BCC009142F7 /* Mac */ = {
			isa = PBXGroup;
			children = (
				22F2CA601534864400F0A01D /* ECErrorPresenterHandler.h */,
				22F2CA611534864400F0A01D /* ECErrorPresenterHandler.m */,
				2283A46514F53BCC009142F7 /* ECLoggingMenu.h */,
				2283A46614F53BCC009142F7 /* ECLoggingMenu.m */,
				2237ECD914F563D200085BF5 /* NSMenu+ECLogging.h */,
				2237ECDA14F563D200085BF5 /* NSMenu+ECLogging.m */,
			);
			path = Mac;
			sourceTree = "<group>";
		};
		2283A4C814F53C6F009142F7 /* Prefix */ = {
			isa = PBXGroup;
			children = (
				22970D3C14F5AA80007B254B /* Debug.pch */,
				22970D3D14F5AA80007B254B /* Release.pch */,
				2283A4CB14F53C6F009142F7 /* Shared.pch */,
			);
			path = Prefix;
			sourceTree = "<group>";
		};
		22BBB10114F646D20086974D /* Source */ = {
			isa = PBXGroup;
			children = (
				2251BA4215DBCD3900F2FE40 /* Configuration */,
				2283A43A14F53BCC009142F7 /* Generic */,
				2283A45514F53BCC009142F7 /* iOS */,
				2283A46414F53BCC009142F7 /* Mac */,
				2283A4C814F53C6F009142F7 /* Prefix */,
				2251BA6015DBD93700F2FE40 /* Tests */,
			);
			path = Source;
			sourceTree = "<group>";
		};
/* End PBXGroup section */

/* Begin PBXHeadersBuildPhase section */
		2251B9FC15DBCC3E00F2FE40 /* Headers */ = {
			isa = PBXHeadersBuildPhase;
			buildActionMask = 2147483647;
			files = (
				2251BA1F15DBCC6C00F2FE40 /* ECASLClient.h in Headers */,
				2251BA2115DBCC6C00F2FE40 /* ECAssertion.h in Headers */,
				2251BA2315DBCC6C00F2FE40 /* ECErrorAndMessage.h in Headers */,
				2251BA2515DBCC6C00F2FE40 /* ECErrorReporter.h in Headers */,
				2251BA2715DBCC6C00F2FE40 /* ECLogChannel.h in Headers */,
				2251BA2915DBCC6C00F2FE40 /* ECLogContext.h in Headers */,
				2251BA2A15DBCC6C00F2FE40 /* ECLogging.h in Headers */,
				2251BA2C15DBCC6C00F2FE40 /* ECLogHandler.h in Headers */,
				2251BA2E15DBCC6C00F2FE40 /* ECLogManager.h in Headers */,
				2251BA3015DBCC6C00F2FE40 /* NSString+ECLogging.h in Headers */,
				2251BA3215DBCC7300F2FE40 /* ECLogHandlerASL.h in Headers */,
				2251BA3415DBCC7300F2FE40 /* ECLogHandlerFile.h in Headers */,
				2251BA3615DBCC7300F2FE40 /* ECLogHandlerNSLog.h in Headers */,
				2251BA3815DBCC7300F2FE40 /* ECLogHandlerStderr.h in Headers */,
				2251BA3A15DBCC7300F2FE40 /* ECLogHandlerStdout.h in Headers */,
				2251BA3C15DBCC7B00F2FE40 /* ECErrorPresenterHandler.h in Headers */,
				2251BA3E15DBCC7B00F2FE40 /* ECLoggingMenu.h in Headers */,
				2251BA4015DBCC7B00F2FE40 /* NSMenu+ECLogging.h in Headers */,
				2251BAE415DBEA2D00F2FE40 /* ECLoggingMacros.h in Headers */,
			);
			runOnlyForDeploymentPostprocessing = 0;
		};
		2251BA7A15DBDC2100F2FE40 /* Headers */ = {
			isa = PBXHeadersBuildPhase;
			buildActionMask = 2147483647;
			files = (
				2251BA7B15DBDC2B00F2FE40 /* ECASLClient.h in Headers */,
				2251BA7D15DBDC2B00F2FE40 /* ECAssertion.h in Headers */,
				2251BA7F15DBDC2B00F2FE40 /* ECErrorAndMessage.h in Headers */,
				2251BA8115DBDC2B00F2FE40 /* ECErrorReporter.h in Headers */,
				2251BA8315DBDC2B00F2FE40 /* ECLogChannel.h in Headers */,
				2251BA8515DBDC2B00F2FE40 /* ECLogContext.h in Headers */,
				2251BA8615DBDC2B00F2FE40 /* ECLogging.h in Headers */,
				2251BA8815DBDC2B00F2FE40 /* ECLogHandler.h in Headers */,
				2251BA8A15DBDC2B00F2FE40 /* ECLogManager.h in Headers */,
				2251BA8C15DBDC2B00F2FE40 /* NSString+ECLogging.h in Headers */,
				2251BA8E15DBDC3600F2FE40 /* ECLogHandlerASL.h in Headers */,
				2251BA9015DBDC3600F2FE40 /* ECLogHandlerFile.h in Headers */,
				2251BA9215DBDC3600F2FE40 /* ECLogHandlerNSLog.h in Headers */,
				2251BA9415DBDC3600F2FE40 /* ECLogHandlerStderr.h in Headers */,
				2251BA9615DBDC3600F2FE40 /* ECLogHandlerStdout.h in Headers */,
				2251BA9815DBDC3F00F2FE40 /* ECDebugChannelsViewController.h in Headers */,
				2251BA9A15DBDC3F00F2FE40 /* ECDebugChannelViewController.h in Headers */,
				2251BA9C15DBDC3F00F2FE40 /* ECDebugViewController.h in Headers */,
				2251BA9E15DBDC3F00F2FE40 /* ECDebugViewPopoverController.h in Headers */,
				2251BAA015DBDC3F00F2FE40 /* ECLogViewController.h in Headers */,
				2251BAA215DBDC3F00F2FE40 /* ECLogViewHandler.h in Headers */,
				2251BAA415DBDC3F00F2FE40 /* ECLogViewHandlerItem.h in Headers */,
				2251BAE515DBEA2D00F2FE40 /* ECLoggingMacros.h in Headers */,
			);
			runOnlyForDeploymentPostprocessing = 0;
		};
/* End PBXHeadersBuildPhase section */

/* Begin PBXNativeTarget section */
		2251B9FE15DBCC3E00F2FE40 /* ECLoggingMac */ = {
			isa = PBXNativeTarget;
			buildConfigurationList = 2251BA0B15DBCC3E00F2FE40 /* Build configuration list for PBXNativeTarget "ECLoggingMac" */;
			buildPhases = (
				2251B9FA15DBCC3E00F2FE40 /* Sources */,
				2251B9FB15DBCC3E00F2FE40 /* Frameworks */,
				2251B9FC15DBCC3E00F2FE40 /* Headers */,
				2251B9FD15DBCC3E00F2FE40 /* Resources */,
			);
			buildRules = (
			);
			dependencies = (
			);
			name = ECLoggingMac;
			productName = MacFramework;
			productReference = 2251B9FF15DBCC3E00F2FE40 /* ECLogging.framework */;
			productType = "com.apple.product-type.framework";
		};
		2251BA1115DBCC4A00F2FE40 /* ECLoggingIOS */ = {
			isa = PBXNativeTarget;
			buildConfigurationList = 2251BA1C15DBCC4A00F2FE40 /* Build configuration list for PBXNativeTarget "ECLoggingIOS" */;
			buildPhases = (
				2251BA0E15DBCC4A00F2FE40 /* Sources */,
				2251BA7A15DBDC2100F2FE40 /* Headers */,
				2251BA0F15DBCC4A00F2FE40 /* Frameworks */,
				2251BA1015DBCC4A00F2FE40 /* Resources */,
				2251BA7815DBDBE300F2FE40 /* ShellScript */,
			);
			buildRules = (
			);
			dependencies = (
			);
			name = ECLoggingIOS;
			productName = "iOS Bundle";
			productReference = 2251BA1215DBCC4A00F2FE40 /* ECLogging.framework */;
			productType = "com.apple.product-type.bundle";
		};
		225EC67111EBAA4800A97AEA /* ECLoggingMacTests */ = {
			isa = PBXNativeTarget;
			buildConfigurationList = 225EC67611EBAA4800A97AEA /* Build configuration list for PBXNativeTarget "ECLoggingMacTests" */;
			buildPhases = (
				225EC66D11EBAA4800A97AEA /* Resources */,
				225EC66E11EBAA4800A97AEA /* Sources */,
				225EC66F11EBAA4800A97AEA /* Frameworks */,
				225EC67011EBAA4800A97AEA /* ShellScript */,
				2251BBA015DC183000F2FE40 /* CopyFiles */,
			);
			buildRules = (
			);
			dependencies = (
			);
			name = ECLoggingMacTests;
			productName = "EC Foundation Unit Tests";
			productReference = 225EC67211EBAA4800A97AEA /* ECLoggingMacTests.octest */;
			productType = "com.apple.product-type.bundle";
		};
		2274B38C14F56896003B8A0B /* ECLoggingIOSTests */ = {
			isa = PBXNativeTarget;
			buildConfigurationList = 2274B3A114F56896003B8A0B /* Build configuration list for PBXNativeTarget "ECLoggingIOSTests" */;
			buildPhases = (
				2274B38814F56896003B8A0B /* Sources */,
				2274B38914F56896003B8A0B /* Frameworks */,
				2274B38A14F56896003B8A0B /* Resources */,
				2274B38B14F56896003B8A0B /* ShellScript */,
			);
			buildRules = (
			);
			dependencies = (
			);
			name = ECLoggingIOSTests;
			productName = blahTests;
			productReference = 2274B38D14F56896003B8A0B /* ECLoggingIOSTests.octest */;
			productType = "com.apple.product-type.bundle";
		};
/* End PBXNativeTarget section */

/* Begin PBXProject section */
		0867D690FE84028FC02AAC07 /* Project object */ = {
			isa = PBXProject;
			attributes = {
				LastUpgradeCheck = 0430;
				ORGANIZATIONNAME = "Elegant Chaos";
			};
			buildConfigurationList = 1DEB91B108733DA50010E9CD /* Build configuration list for PBXProject "ECLogging" */;
			compatibilityVersion = "Xcode 3.2";
			developmentRegion = English;
			hasScannedForEncodings = 1;
			knownRegions = (
				English,
				Japanese,
				French,
				German,
				en,
				ec,
			);
			mainGroup = 0867D691FE84028FC02AAC07 /* ECFoundation */;
			productRefGroup = 034768DFFF38A50411DB9C8B /* Products */;
			projectDirPath = "";
			projectRoot = "";
			targets = (
				2251B9FE15DBCC3E00F2FE40 /* ECLoggingMac */,
				225EC67111EBAA4800A97AEA /* ECLoggingMacTests */,
				2251BA1115DBCC4A00F2FE40 /* ECLoggingIOS */,
				2274B38C14F56896003B8A0B /* ECLoggingIOSTests */,
			);
		};
/* End PBXProject section */

/* Begin PBXResourcesBuildPhase section */
		2251B9FD15DBCC3E00F2FE40 /* Resources */ = {
			isa = PBXResourcesBuildPhase;
			buildActionMask = 2147483647;
			files = (
			);
			runOnlyForDeploymentPostprocessing = 0;
		};
		2251BA1015DBCC4A00F2FE40 /* Resources */ = {
			isa = PBXResourcesBuildPhase;
			buildActionMask = 2147483647;
			files = (
			);
			runOnlyForDeploymentPostprocessing = 0;
		};
		225EC66D11EBAA4800A97AEA /* Resources */ = {
			isa = PBXResourcesBuildPhase;
			buildActionMask = 2147483647;
			files = (
			);
			runOnlyForDeploymentPostprocessing = 0;
		};
		2274B38A14F56896003B8A0B /* Resources */ = {
			isa = PBXResourcesBuildPhase;
			buildActionMask = 2147483647;
			files = (
			);
			runOnlyForDeploymentPostprocessing = 0;
		};
/* End PBXResourcesBuildPhase section */

/* Begin PBXShellScriptBuildPhase section */
		2251BA7815DBDBE300F2FE40 /* ShellScript */ = {
			isa = PBXShellScriptBuildPhase;
			buildActionMask = 2147483647;
			files = (
			);
			inputPaths = (
			);
			outputPaths = (
			);
			runOnlyForDeploymentPostprocessing = 0;
			shellPath = /bin/sh;
			shellScript = "FRAMEWORK_ROOT=\"${BUILT_PRODUCTS_DIR}/${CONTENTS_FOLDER_PATH}\"\n\nmkdir -p \"${FRAMEWORK_ROOT}/Versions\"\n/bin/ln -sfh A \"${FRAMEWORK_ROOT}/Versions/Current\"\n/bin/ln -sfh Versions/Current/Headers \"${FRAMEWORK_ROOT}/Headers\"\n/bin/ln -sfh \"Versions/Current/${PRODUCT_NAME}\" \"${FRAMEWORK_ROOT}/${PRODUCT_NAME}\"\n";
			showEnvVarsInLog = 0;
		};
		225EC67011EBAA4800A97AEA /* ShellScript */ = {
			isa = PBXShellScriptBuildPhase;
			buildActionMask = 2147483647;
			files = (
			);
			inputPaths = (
			);
			outputPaths = (
			);
			runOnlyForDeploymentPostprocessing = 0;
			shellPath = /bin/sh;
			shellScript = "# Run the unit tests in this test bundle.\n\"${SYSTEM_DEVELOPER_DIR}/Tools/RunUnitTests\"\n";
			showEnvVarsInLog = 0;
		};
		2274B38B14F56896003B8A0B /* ShellScript */ = {
			isa = PBXShellScriptBuildPhase;
			buildActionMask = 2147483647;
			files = (
			);
			inputPaths = (
			);
			outputPaths = (
			);
			runOnlyForDeploymentPostprocessing = 0;
			shellPath = /bin/sh;
			shellScript = "# Run the unit tests in this test bundle.\n\"${SYSTEM_DEVELOPER_DIR}/Tools/RunUnitTests\"\n";
			showEnvVarsInLog = 0;
		};
/* End PBXShellScriptBuildPhase section */

/* Begin PBXSourcesBuildPhase section */
		2251B9FA15DBCC3E00F2FE40 /* Sources */ = {
			isa = PBXSourcesBuildPhase;
			buildActionMask = 2147483647;
			files = (
				2251BA2015DBCC6C00F2FE40 /* ECASLClient.m in Sources */,
				2251BA2215DBCC6C00F2FE40 /* ECAssertion.m in Sources */,
				2251BA2415DBCC6C00F2FE40 /* ECErrorAndMessage.m in Sources */,
				2251BA2615DBCC6C00F2FE40 /* ECErrorReporter.m in Sources */,
				2251BA2815DBCC6C00F2FE40 /* ECLogChannel.m in Sources */,
				2251BA2B15DBCC6C00F2FE40 /* ECLogging.m in Sources */,
				2251BA2D15DBCC6C00F2FE40 /* ECLogHandler.m in Sources */,
				2251BA2F15DBCC6C00F2FE40 /* ECLogManager.m in Sources */,
				2251BA3115DBCC6C00F2FE40 /* NSString+ECLogging.m in Sources */,
				2251BA3315DBCC7300F2FE40 /* ECLogHandlerASL.m in Sources */,
				2251BA3515DBCC7300F2FE40 /* ECLogHandlerFile.m in Sources */,
				2251BA3715DBCC7300F2FE40 /* ECLogHandlerNSLog.m in Sources */,
				2251BA3915DBCC7300F2FE40 /* ECLogHandlerStderr.m in Sources */,
				2251BA3B15DBCC7300F2FE40 /* ECLogHandlerStdout.m in Sources */,
				2251BA3D15DBCC7B00F2FE40 /* ECErrorPresenterHandler.m in Sources */,
				2251BA3F15DBCC7B00F2FE40 /* ECLoggingMenu.m in Sources */,
				2251BA4115DBCC7B00F2FE40 /* NSMenu+ECLogging.m in Sources */,
			);
			runOnlyForDeploymentPostprocessing = 0;
		};
		2251BA0E15DBCC4A00F2FE40 /* Sources */ = {
			isa = PBXSourcesBuildPhase;
			buildActionMask = 2147483647;
			files = (
				2251BA7C15DBDC2B00F2FE40 /* ECASLClient.m in Sources */,
				2251BA7E15DBDC2B00F2FE40 /* ECAssertion.m in Sources */,
				2251BA8015DBDC2B00F2FE40 /* ECErrorAndMessage.m in Sources */,
				2251BA8215DBDC2B00F2FE40 /* ECErrorReporter.m in Sources */,
				2251BA8415DBDC2B00F2FE40 /* ECLogChannel.m in Sources */,
				2251BA8715DBDC2B00F2FE40 /* ECLogging.m in Sources */,
				2251BA8915DBDC2B00F2FE40 /* ECLogHandler.m in Sources */,
				2251BA8B15DBDC2B00F2FE40 /* ECLogManager.m in Sources */,
				2251BA8D15DBDC2B00F2FE40 /* NSString+ECLogging.m in Sources */,
				2251BA8F15DBDC3600F2FE40 /* ECLogHandlerASL.m in Sources */,
				2251BA9115DBDC3600F2FE40 /* ECLogHandlerFile.m in Sources */,
				2251BA9315DBDC3600F2FE40 /* ECLogHandlerNSLog.m in Sources */,
				2251BA9515DBDC3600F2FE40 /* ECLogHandlerStderr.m in Sources */,
				2251BA9715DBDC3600F2FE40 /* ECLogHandlerStdout.m in Sources */,
				2251BA9915DBDC3F00F2FE40 /* ECDebugChannelsViewController.m in Sources */,
				2251BA9B15DBDC3F00F2FE40 /* ECDebugChannelViewController.m in Sources */,
				2251BA9D15DBDC3F00F2FE40 /* ECDebugViewController.m in Sources */,
				2251BA9F15DBDC3F00F2FE40 /* ECDebugViewPopoverController.m in Sources */,
				2251BAA115DBDC3F00F2FE40 /* ECLogViewController.m in Sources */,
				2251BAA315DBDC3F00F2FE40 /* ECLogViewHandler.m in Sources */,
				2251BAA515DBDC3F00F2FE40 /* ECLogViewHandlerItem.m in Sources */,
			);
			runOnlyForDeploymentPostprocessing = 0;
		};
		225EC66E11EBAA4800A97AEA /* Sources */ = {
			isa = PBXSourcesBuildPhase;
			buildActionMask = 2147483647;
			files = (
				2251BA6215DBD93700F2FE40 /* BasicTests.m in Sources */,
			);
			runOnlyForDeploymentPostprocessing = 0;
		};
		2274B38814F56896003B8A0B /* Sources */ = {
			isa = PBXSourcesBuildPhase;
			buildActionMask = 2147483647;
			files = (
				2251BA6315DBD93700F2FE40 /* BasicTests.m in Sources */,
			);
			runOnlyForDeploymentPostprocessing = 0;
		};
/* End PBXSourcesBuildPhase section */

/* Begin XCBuildConfiguration section */
		1DEB91B208733DA50010E9CD /* Debug */ = {
			isa = XCBuildConfiguration;
			buildSettings = {
			};
			name = Debug;
		};
		1DEB91B308733DA50010E9CD /* Release */ = {
			isa = XCBuildConfiguration;
			buildSettings = {
			};
			name = Release;
		};
		2251BA0C15DBCC3E00F2FE40 /* Debug */ = {
			isa = XCBuildConfiguration;
			baseConfigurationReference = 2251BA4515DBCD3900F2FE40 /* MacDebug.xcconfig */;
			buildSettings = {
				ARCHS = "$(ARCHS_STANDARD_64_BIT)";
				GCC_SYMBOLS_PRIVATE_EXTERN = NO;
				MACOSX_DEPLOYMENT_TARGET = 10.8;
			};
			name = Debug;
		};
		2251BA0D15DBCC3E00F2FE40 /* Release */ = {
			isa = XCBuildConfiguration;
			baseConfigurationReference = 2251BA4615DBCD3900F2FE40 /* MacRelease.xcconfig */;
			buildSettings = {
				ARCHS = "$(ARCHS_STANDARD_64_BIT)";
				DEBUG_INFORMATION_FORMAT = "dwarf-with-dsym";
				MACOSX_DEPLOYMENT_TARGET = 10.8;
			};
			name = Release;
		};
		2251BA1D15DBCC4A00F2FE40 /* Debug */ = {
			isa = XCBuildConfiguration;
			baseConfigurationReference = 2251BA4415DBCD3900F2FE40 /* IOSRelease.xcconfig */;
			buildSettings = {
				INFOPLIST_FILE = Resources/Info.plist;
			};
			name = Debug;
		};
		2251BA1E15DBCC4A00F2FE40 /* Release */ = {
			isa = XCBuildConfiguration;
			baseConfigurationReference = 2251BA4415DBCD3900F2FE40 /* IOSRelease.xcconfig */;
			buildSettings = {
				INFOPLIST_FILE = Resources/Info.plist;
			};
			name = Release;
		};
		225EC67411EBAA4800A97AEA /* Debug */ = {
			isa = XCBuildConfiguration;
			baseConfigurationReference = 2251BA5E15DBD68500F2FE40 /* MacUnitTestDebug.xcconfig */;
			buildSettings = {
				FRAMEWORK_SEARCH_PATHS = (
					"$(inherited)",
					"\"/Caches/DerivedData/ECLogging-elvnbhztigqjjabqhalnysonzams/Build/Products/Debug\"",
					"\"/Caches/DerivedData/ECLogging-elvnbhztigqjjabqhalnysonzams/Build/Products/Release\"",
				);
				INFOPLIST_FILE = Resources/ECLoggingTests.plist;
				LD_RUNPATH_SEARCH_PATHS = "@loader_path/. @loader_path/../Frameworks @executable_path/../Frameworks";
			};
			name = Debug;
		};
		225EC67511EBAA4800A97AEA /* Release */ = {
			isa = XCBuildConfiguration;
			baseConfigurationReference = 2251BA5F15DBD68500F2FE40 /* MacUnitTestRelease.xcconfig */;
			buildSettings = {
				FRAMEWORK_SEARCH_PATHS = (
					"$(inherited)",
					"\"/Caches/DerivedData/ECLogging-elvnbhztigqjjabqhalnysonzams/Build/Products/Debug\"",
					"\"/Caches/DerivedData/ECLogging-elvnbhztigqjjabqhalnysonzams/Build/Products/Release\"",
				);
				INFOPLIST_FILE = Resources/ECLoggingTests.plist;
				LD_RUNPATH_SEARCH_PATHS = "@loader_path/. @loader_path/../Frameworks @executable_path/../Frameworks";
			};
			name = Release;
		};
		2274B3A214F56896003B8A0B /* Debug */ = {
			isa = XCBuildConfiguration;
			baseConfigurationReference = 2251BA5C15DBD68500F2FE40 /* IOSUnitTestDebug.xcconfig */;
			buildSettings = {
				INFOPLIST_FILE = Resources/ECLoggingTests.plist;
			};
			name = Debug;
		};
		2274B3A314F56896003B8A0B /* Release */ = {
			isa = XCBuildConfiguration;
			baseConfigurationReference = 2251BA5D15DBD68500F2FE40 /* IOSUnitTestRelease.xcconfig */;
			buildSettings = {
				INFOPLIST_FILE = Resources/ECLoggingTests.plist;
			};
			name = Release;
		};
/* End XCBuildConfiguration section */

/* Begin XCConfigurationList section */
		1DEB91B108733DA50010E9CD /* Build configuration list for PBXProject "ECLogging" */ = {
			isa = XCConfigurationList;
			buildConfigurations = (
				1DEB91B208733DA50010E9CD /* Debug */,
				1DEB91B308733DA50010E9CD /* Release */,
			);
			defaultConfigurationIsVisible = 0;
			defaultConfigurationName = Debug;
		};
		2251BA0B15DBCC3E00F2FE40 /* Build configuration list for PBXNativeTarget "ECLoggingMac" */ = {
			isa = XCConfigurationList;
			buildConfigurations = (
				2251BA0C15DBCC3E00F2FE40 /* Debug */,
				2251BA0D15DBCC3E00F2FE40 /* Release */,
			);
			defaultConfigurationIsVisible = 0;
			defaultConfigurationName = Debug;
		};
		2251BA1C15DBCC4A00F2FE40 /* Build configuration list for PBXNativeTarget "ECLoggingIOS" */ = {
			isa = XCConfigurationList;
			buildConfigurations = (
				2251BA1D15DBCC4A00F2FE40 /* Debug */,
				2251BA1E15DBCC4A00F2FE40 /* Release */,
			);
			defaultConfigurationIsVisible = 0;
			defaultConfigurationName = Debug;
		};
		225EC67611EBAA4800A97AEA /* Build configuration list for PBXNativeTarget "ECLoggingMacTests" */ = {
			isa = XCConfigurationList;
			buildConfigurations = (
				225EC67411EBAA4800A97AEA /* Debug */,
				225EC67511EBAA4800A97AEA /* Release */,
			);
			defaultConfigurationIsVisible = 0;
			defaultConfigurationName = Debug;
		};
		2274B3A114F56896003B8A0B /* Build configuration list for PBXNativeTarget "ECLoggingIOSTests" */ = {
			isa = XCConfigurationList;
			buildConfigurations = (
				2274B3A214F56896003B8A0B /* Debug */,
				2274B3A314F56896003B8A0B /* Release */,
			);
			defaultConfigurationIsVisible = 0;
			defaultConfigurationName = Debug;
		};
/* End XCConfigurationList section */
	};
	rootObject = 0867D690FE84028FC02AAC07 /* Project object */;
}
